// !$*UTF8*$!
{
	archiveVersion = 1;
	classes = {
	};
	objectVersion = 52;
	objects = {

/* Begin PBXBuildFile section */
		36B1BCC10E9080C940A1F0A3 /* libPods-Dynamic Dark Mode.a in Frameworks */ = {isa = PBXBuildFile; fileRef = CFCD4183FA91D594A9622C59 /* libPods-Dynamic Dark Mode.a */; };
		5206B8BB2219B02600D22358 /* Error.swift in Sources */ = {isa = PBXBuildFile; fileRef = 5206B8BA2219B02600D22358 /* Error.swift */; };
		5206B8BD2219B08100D22358 /* Notification.swift in Sources */ = {isa = PBXBuildFile; fileRef = 5206B8BC2219B08100D22358 /* Notification.swift */; };
		520EF73821A056A3003326F2 /* Location.swift in Sources */ = {isa = PBXBuildFile; fileRef = 520EF73721A056A3003326F2 /* Location.swift */; };
		520EF73A21A08D1B003326F2 /* Solar.swift in Sources */ = {isa = PBXBuildFile; fileRef = 520EF73921A08D1B003326F2 /* Solar.swift */; };
		5214CD8F215B3BED008A7E83 /* Welcome.swift in Sources */ = {isa = PBXBuildFile; fileRef = 5214CD8E215B3BED008A7E83 /* Welcome.swift */; };
		52161590227DE4E300725F57 /* Connectivity.swift in Sources */ = {isa = PBXBuildFile; fileRef = 5216158F227DE4E300725F57 /* Connectivity.swift */; };
		52168FBC20C8B47100869A9C /* AppDelegate.swift in Sources */ = {isa = PBXBuildFile; fileRef = 52168FBB20C8B47100869A9C /* AppDelegate.swift */; };
		52168FC020C8B47200869A9C /* Assets.xcassets in Resources */ = {isa = PBXBuildFile; fileRef = 52168FBF20C8B47200869A9C /* Assets.xcassets */; };
		52168FCF20C8B59300869A9C /* AppleInterfaceStyle+NSAppearance.swift in Sources */ = {isa = PBXBuildFile; fileRef = 52168FCE20C8B59300869A9C /* AppleInterfaceStyle+NSAppearance.swift */; };
		52168FD120C99CB100869A9C /* AppleScriptHelper.swift in Sources */ = {isa = PBXBuildFile; fileRef = 52168FD020C99CB100869A9C /* AppleScriptHelper.swift */; };
		52168FD520C9A63B00869A9C /* Main.storyboard in Resources */ = {isa = PBXBuildFile; fileRef = 52168FD720C9A63B00869A9C /* Main.storyboard */; };
		52168FD920C9B0DD00869A9C /* NSScreen + Brightness.swift in Sources */ = {isa = PBXBuildFile; fileRef = 52168FD820C9B0DD00869A9C /* NSScreen + Brightness.swift */; };
		5225FDBE20D14B96006E9AF0 /* Scheduler.swift in Sources */ = {isa = PBXBuildFile; fileRef = 5225FDBD20D14B96006E9AF0 /* Scheduler.swift */; };
		5236A8ED21606035009DA3A3 /* InfoPlist.strings in Resources */ = {isa = PBXBuildFile; fileRef = 5236A8EB21606035009DA3A3 /* InfoPlist.strings */; };
		5236A8F021606035009DA3A3 /* InfoPlist.strings in Resources */ = {isa = PBXBuildFile; fileRef = 5236A8EE21606035009DA3A3 /* InfoPlist.strings */; };
		5236A8F321606035009DA3A3 /* Localizable.strings in Resources */ = {isa = PBXBuildFile; fileRef = 5236A8F121606035009DA3A3 /* Localizable.strings */; };
		5237AE5120CCC051009CF037 /* SettingsViewController.swift in Sources */ = {isa = PBXBuildFile; fileRef = 5237AE5020CCC051009CF037 /* SettingsViewController.swift */; };
		5237AE5320CCC09F009CF037 /* DynamicLauncher.app in Copy Files */ = {isa = PBXBuildFile; fileRef = 52C3511820CC57B60073F0CA /* DynamicLauncher.app */; settings = {ATTRIBUTES = (RemoveHeadersOnCopy, ); }; };
		524712E32157786A00F48CA0 /* Credits.rtf in Resources */ = {isa = PBXBuildFile; fileRef = 524712E22157786A00F48CA0 /* Credits.rtf */; };
		5262878920CB38D6009BA4EF /* ScreenBrightnessObserver.swift in Sources */ = {isa = PBXBuildFile; fileRef = 5262878820CB38D6009BA4EF /* ScreenBrightnessObserver.swift */; };
		5266354D215F177D008176E9 /* AllowLocationViewController.swift in Sources */ = {isa = PBXBuildFile; fileRef = 5266354C215F177C008176E9 /* AllowLocationViewController.swift */; };
		5268864F215AFC73009A2FE3 /* AllowSystemEventsViewController.swift in Sources */ = {isa = PBXBuildFile; fileRef = 5268864D215AFC73009A2FE3 /* AllowSystemEventsViewController.swift */; };
		52688654215B2FA8009A2FE3 /* SlideSegue.swift in Sources */ = {isa = PBXBuildFile; fileRef = 52688653215B2FA8009A2FE3 /* SlideSegue.swift */; };
		527B4472227E4252006E8369 /* DFRFoundation.framework in Frameworks */ = {isa = PBXBuildFile; fileRef = 523CF01C227E1E44000E4173 /* DFRFoundation.framework */; };
		52BC0C7321C00CFC005E8E45 /* StatusBarItem.swift in Sources */ = {isa = PBXBuildFile; fileRef = 52BC0C7221C00CFC005E8E45 /* StatusBarItem.swift */; };
		52C3511320CC53CD0073F0CA /* Preferences.swift in Sources */ = {isa = PBXBuildFile; fileRef = 52C3511220CC53CC0073F0CA /* Preferences.swift */; };
		52C3511B20CC57B60073F0CA /* AppDelegate.swift in Sources */ = {isa = PBXBuildFile; fileRef = 52C3511A20CC57B60073F0CA /* AppDelegate.swift */; };
		52C3511D20CC57C80073F0CA /* Assets.xcassets in Resources */ = {isa = PBXBuildFile; fileRef = 52C3511C20CC57C80073F0CA /* Assets.xcassets */; };
		52C3512020CC57C80073F0CA /* MainMenu.xib in Resources */ = {isa = PBXBuildFile; fileRef = 52C3511E20CC57C80073F0CA /* MainMenu.xib */; };
		52CC197121C0AD6A0061DE35 /* SetupStep.swift in Sources */ = {isa = PBXBuildFile; fileRef = 52CC197021C0AD6A0061DE35 /* SetupStep.swift */; };
		52D27E57227D2D4F005C21D0 /* AppleInterfaceStyle.swift in Sources */ = {isa = PBXBuildFile; fileRef = 52D27E56227D2D4F005C21D0 /* AppleInterfaceStyle.swift */; };
		52D27E5A227D2E75005C21D0 /* TouchBar.swift in Sources */ = {isa = PBXBuildFile; fileRef = 52D27E59227D2E75005C21D0 /* TouchBar.swift */; };
		52D27E5C227D2FBB005C21D0 /* AppleInterfaceStyle+Coordinator.swift in Sources */ = {isa = PBXBuildFile; fileRef = 52D27E5B227D2FBB005C21D0 /* AppleInterfaceStyle+Coordinator.swift */; };
		52D27E5E227D3294005C21D0 /* Shortcut.swift in Sources */ = {isa = PBXBuildFile; fileRef = 52D27E5D227D3294005C21D0 /* Shortcut.swift */; };
		52DC7981215ECB48005EE97E /* Auxiliary.swift in Sources */ = {isa = PBXBuildFile; fileRef = 52DC7980215ECB48005EE97E /* Auxiliary.swift */; };
		706D395920E3766D0079535E /* SettingsViewController + TouchBar.swift in Sources */ = {isa = PBXBuildFile; fileRef = 706D395820E3766D0079535E /* SettingsViewController + TouchBar.swift */; };
		706D395D20E377E40079535E /* Localizations.swift in Sources */ = {isa = PBXBuildFile; fileRef = 706D395B20E377E40079535E /* Localizations.swift */; };
		707CC24622FAC3EF002210ED /* DynamicDesktopSettingsViewController.swift in Sources */ = {isa = PBXBuildFile; fileRef = 707CC24522FAC3EF002210ED /* DynamicDesktopSettingsViewController.swift */; };
		87B3CD5A08DDE27B12711519 /* libPods-DynamicLauncher.a in Frameworks */ = {isa = PBXBuildFile; fileRef = 6156D554666DD1DDB736ADB1 /* libPods-DynamicLauncher.a */; };
		D2BAC963232790D700E56B86 /* main.swift in Sources */ = {isa = PBXBuildFile; fileRef = D2BAC962232790D700E56B86 /* main.swift */; };
		D2BAC9692327932C00E56B86 /* XMLCoder in Frameworks */ = {isa = PBXBuildFile; productRef = D2BAC9682327932C00E56B86 /* XMLCoder */; };
/* End PBXBuildFile section */

/* Begin PBXCopyFilesBuildPhase section */
		5237AE5220CCC084009CF037 /* Copy Files */ = {
			isa = PBXCopyFilesBuildPhase;
			buildActionMask = 2147483647;
			dstPath = Contents/Library/LoginItems;
			dstSubfolderSpec = 1;
			files = (
				5237AE5320CCC09F009CF037 /* DynamicLauncher.app in Copy Files */,
			);
			name = "Copy Files";
			runOnlyForDeploymentPostprocessing = 0;
		};
		D2BAC95E232790D700E56B86 /* CopyFiles */ = {
			isa = PBXCopyFilesBuildPhase;
			buildActionMask = 2147483647;
			dstPath = /usr/share/man/man1/;
			dstSubfolderSpec = 0;
			files = (
			);
			runOnlyForDeploymentPostprocessing = 1;
		};
/* End PBXCopyFilesBuildPhase section */

/* Begin PBXFileReference section */
		178D15FF0B9E5588D9E47D57 /* Pods-DynamicLauncher.release masless.xcconfig */ = {isa = PBXFileReference; includeInIndex = 1; lastKnownFileType = text.xcconfig; name = "Pods-DynamicLauncher.release masless.xcconfig"; path = "Target Support Files/Pods-DynamicLauncher/Pods-DynamicLauncher.release masless.xcconfig"; sourceTree = "<group>"; };
		41E38B743A34DBC550D39649 /* Pods-Dynamic Dark Mode.debug masless.xcconfig */ = {isa = PBXFileReference; includeInIndex = 1; lastKnownFileType = text.xcconfig; name = "Pods-Dynamic Dark Mode.debug masless.xcconfig"; path = "Target Support Files/Pods-Dynamic Dark Mode/Pods-Dynamic Dark Mode.debug masless.xcconfig"; sourceTree = "<group>"; };
		5206B8BA2219B02600D22358 /* Error.swift */ = {isa = PBXFileReference; lastKnownFileType = sourcecode.swift; path = Error.swift; sourceTree = "<group>"; };
		5206B8BC2219B08100D22358 /* Notification.swift */ = {isa = PBXFileReference; lastKnownFileType = sourcecode.swift; path = Notification.swift; sourceTree = "<group>"; };
		520EF73721A056A3003326F2 /* Location.swift */ = {isa = PBXFileReference; lastKnownFileType = sourcecode.swift; path = Location.swift; sourceTree = "<group>"; };
		520EF73921A08D1B003326F2 /* Solar.swift */ = {isa = PBXFileReference; lastKnownFileType = sourcecode.swift; path = Solar.swift; sourceTree = "<group>"; };
		5214CD8E215B3BED008A7E83 /* Welcome.swift */ = {isa = PBXFileReference; lastKnownFileType = sourcecode.swift; path = Welcome.swift; sourceTree = "<group>"; };
		5216158F227DE4E300725F57 /* Connectivity.swift */ = {isa = PBXFileReference; lastKnownFileType = sourcecode.swift; path = Connectivity.swift; sourceTree = "<group>"; };
		52168FB820C8B47100869A9C /* Dynamic Dark Mode.app */ = {isa = PBXFileReference; explicitFileType = wrapper.application; includeInIndex = 0; path = "Dynamic Dark Mode.app"; sourceTree = BUILT_PRODUCTS_DIR; };
		52168FBB20C8B47100869A9C /* AppDelegate.swift */ = {isa = PBXFileReference; lastKnownFileType = sourcecode.swift; path = AppDelegate.swift; sourceTree = "<group>"; };
		52168FBF20C8B47200869A9C /* Assets.xcassets */ = {isa = PBXFileReference; lastKnownFileType = folder.assetcatalog; path = Assets.xcassets; sourceTree = "<group>"; };
		52168FC420C8B47200869A9C /* Info.plist */ = {isa = PBXFileReference; lastKnownFileType = text.plist.xml; path = Info.plist; sourceTree = "<group>"; };
		52168FC520C8B47200869A9C /* Dynamic.entitlements */ = {isa = PBXFileReference; lastKnownFileType = text.plist.entitlements; path = Dynamic.entitlements; sourceTree = "<group>"; };
		52168FCE20C8B59300869A9C /* AppleInterfaceStyle+NSAppearance.swift */ = {isa = PBXFileReference; lastKnownFileType = sourcecode.swift; path = "AppleInterfaceStyle+NSAppearance.swift"; sourceTree = "<group>"; };
		52168FD020C99CB100869A9C /* AppleScriptHelper.swift */ = {isa = PBXFileReference; lastKnownFileType = sourcecode.swift; path = AppleScriptHelper.swift; sourceTree = "<group>"; };
		52168FD620C9A63B00869A9C /* Base */ = {isa = PBXFileReference; lastKnownFileType = file.storyboard; name = Base; path = Base.lproj/Main.storyboard; sourceTree = "<group>"; };
		52168FD820C9B0DD00869A9C /* NSScreen + Brightness.swift */ = {isa = PBXFileReference; lastKnownFileType = sourcecode.swift; path = "NSScreen + Brightness.swift"; sourceTree = "<group>"; };
		5225FDBD20D14B96006E9AF0 /* Scheduler.swift */ = {isa = PBXFileReference; lastKnownFileType = sourcecode.swift; path = Scheduler.swift; sourceTree = "<group>"; };
		5236A8EC21606035009DA3A3 /* zh-Hans */ = {isa = PBXFileReference; lastKnownFileType = text.plist.strings; name = "zh-Hans"; path = "zh-Hans.lproj/InfoPlist.strings"; sourceTree = "<group>"; };
		5236A8EF21606035009DA3A3 /* zh-Hans */ = {isa = PBXFileReference; lastKnownFileType = text.plist.strings; name = "zh-Hans"; path = "zh-Hans.lproj/InfoPlist.strings"; sourceTree = "<group>"; };
		5236A8F221606035009DA3A3 /* zh-Hans */ = {isa = PBXFileReference; lastKnownFileType = text.plist.strings; name = "zh-Hans"; path = "zh-Hans.lproj/Localizable.strings"; sourceTree = "<group>"; };
		523718332157467A00AEC921 /* README.md */ = {isa = PBXFileReference; lastKnownFileType = net.daringfireball.markdown; path = README.md; sourceTree = "<group>"; };
		523718342157468900AEC921 /* privacy.md */ = {isa = PBXFileReference; lastKnownFileType = net.daringfireball.markdown; path = privacy.md; sourceTree = "<group>"; };
		523718352157469800AEC921 /* LICENSE */ = {isa = PBXFileReference; lastKnownFileType = text; path = LICENSE; sourceTree = "<group>"; };
		5237AE5020CCC051009CF037 /* SettingsViewController.swift */ = {isa = PBXFileReference; lastKnownFileType = sourcecode.swift; path = SettingsViewController.swift; sourceTree = "<group>"; };
		523CF01C227E1E44000E4173 /* DFRFoundation.framework */ = {isa = PBXFileReference; lastKnownFileType = wrapper.framework; name = DFRFoundation.framework; path = ../../../../../System/Library/PrivateFrameworks/DFRFoundation.framework; sourceTree = "<group>"; };
		524712E22157786A00F48CA0 /* Credits.rtf */ = {isa = PBXFileReference; lastKnownFileType = text.rtf; path = Credits.rtf; sourceTree = "<group>"; };
		525324F921603D7300904D76 /* zh-Hans */ = {isa = PBXFileReference; lastKnownFileType = text.plist.strings; name = "zh-Hans"; path = "zh-Hans.lproj/Main.strings"; sourceTree = "<group>"; };
		525324FA21603D7300904D76 /* zh-Hans */ = {isa = PBXFileReference; lastKnownFileType = text.plist.strings; name = "zh-Hans"; path = "zh-Hans.lproj/MainMenu.strings"; sourceTree = "<group>"; };
		5262878820CB38D6009BA4EF /* ScreenBrightnessObserver.swift */ = {isa = PBXFileReference; lastKnownFileType = sourcecode.swift; path = ScreenBrightnessObserver.swift; sourceTree = "<group>"; };
		5266354C215F177C008176E9 /* AllowLocationViewController.swift */ = {isa = PBXFileReference; lastKnownFileType = sourcecode.swift; path = AllowLocationViewController.swift; sourceTree = "<group>"; };
		5268864D215AFC73009A2FE3 /* AllowSystemEventsViewController.swift */ = {isa = PBXFileReference; lastKnownFileType = sourcecode.swift; path = AllowSystemEventsViewController.swift; sourceTree = "<group>"; };
		52688653215B2FA8009A2FE3 /* SlideSegue.swift */ = {isa = PBXFileReference; lastKnownFileType = sourcecode.swift; path = SlideSegue.swift; sourceTree = "<group>"; };
		5291EF0521656269002C10DE /* de */ = {isa = PBXFileReference; lastKnownFileType = text.plist.strings; name = de; path = de.lproj/Main.strings; sourceTree = "<group>"; };
		5291EF062165626A002C10DE /* de */ = {isa = PBXFileReference; lastKnownFileType = text.plist.strings; name = de; path = de.lproj/MainMenu.strings; sourceTree = "<group>"; };
		5291EF072165626B002C10DE /* de */ = {isa = PBXFileReference; lastKnownFileType = text.plist.strings; name = de; path = de.lproj/Localizable.strings; sourceTree = "<group>"; };
		5291EF082165626B002C10DE /* de */ = {isa = PBXFileReference; lastKnownFileType = text.plist.strings; name = de; path = de.lproj/InfoPlist.strings; sourceTree = "<group>"; };
		5291EF092165626B002C10DE /* de */ = {isa = PBXFileReference; lastKnownFileType = text.plist.strings; name = de; path = de.lproj/InfoPlist.strings; sourceTree = "<group>"; };
		52972627216A06ED00C62F19 /* id */ = {isa = PBXFileReference; lastKnownFileType = text.plist.strings; name = id; path = id.lproj/Main.strings; sourceTree = "<group>"; };
		52972628216A06EE00C62F19 /* id */ = {isa = PBXFileReference; lastKnownFileType = text.plist.strings; name = id; path = id.lproj/MainMenu.strings; sourceTree = "<group>"; };
		52972629216A06EE00C62F19 /* id */ = {isa = PBXFileReference; lastKnownFileType = text.plist.strings; name = id; path = id.lproj/Localizable.strings; sourceTree = "<group>"; };
		5297262A216A06EE00C62F19 /* id */ = {isa = PBXFileReference; lastKnownFileType = text.plist.strings; name = id; path = id.lproj/InfoPlist.strings; sourceTree = "<group>"; };
		5297262B216A06EE00C62F19 /* id */ = {isa = PBXFileReference; lastKnownFileType = text.plist.strings; name = id; path = id.lproj/InfoPlist.strings; sourceTree = "<group>"; };
		5297262C216BD4F000C62F19 /* eo */ = {isa = PBXFileReference; lastKnownFileType = text.plist.strings; name = eo; path = eo.lproj/Main.strings; sourceTree = "<group>"; };
		5297262D216BD4F200C62F19 /* eo */ = {isa = PBXFileReference; lastKnownFileType = text.plist.strings; name = eo; path = eo.lproj/MainMenu.strings; sourceTree = "<group>"; };
		5297262E216BD4F300C62F19 /* eo */ = {isa = PBXFileReference; lastKnownFileType = text.plist.strings; name = eo; path = eo.lproj/Localizable.strings; sourceTree = "<group>"; };
		5297262F216BD4F300C62F19 /* eo */ = {isa = PBXFileReference; lastKnownFileType = text.plist.strings; name = eo; path = eo.lproj/InfoPlist.strings; sourceTree = "<group>"; };
		52972630216BD4F500C62F19 /* eo */ = {isa = PBXFileReference; lastKnownFileType = text.plist.strings; name = eo; path = eo.lproj/InfoPlist.strings; sourceTree = "<group>"; };
		52972631216BD50300C62F19 /* ru */ = {isa = PBXFileReference; lastKnownFileType = text.plist.strings; name = ru; path = ru.lproj/Main.strings; sourceTree = "<group>"; };
		52972632216BD50300C62F19 /* ru */ = {isa = PBXFileReference; lastKnownFileType = text.plist.strings; name = ru; path = ru.lproj/MainMenu.strings; sourceTree = "<group>"; };
		52972633216BD50300C62F19 /* ru */ = {isa = PBXFileReference; lastKnownFileType = text.plist.strings; name = ru; path = ru.lproj/Localizable.strings; sourceTree = "<group>"; };
		52972634216BD50300C62F19 /* ru */ = {isa = PBXFileReference; lastKnownFileType = text.plist.strings; name = ru; path = ru.lproj/InfoPlist.strings; sourceTree = "<group>"; };
		52972635216BD50400C62F19 /* ru */ = {isa = PBXFileReference; lastKnownFileType = text.plist.strings; name = ru; path = ru.lproj/InfoPlist.strings; sourceTree = "<group>"; };
		52B37152227BC73A0005B1B7 /* ko */ = {isa = PBXFileReference; lastKnownFileType = text.plist.strings; name = ko; path = ko.lproj/InfoPlist.strings; sourceTree = "<group>"; };
		52B37153227BC73A0005B1B7 /* ko */ = {isa = PBXFileReference; lastKnownFileType = text.plist.strings; name = ko; path = ko.lproj/InfoPlist.strings; sourceTree = "<group>"; };
		52B37154227BC73A0005B1B7 /* ko */ = {isa = PBXFileReference; lastKnownFileType = text.plist.strings; name = ko; path = ko.lproj/Localizable.strings; sourceTree = "<group>"; };
		52B37155227BC73A0005B1B7 /* ko */ = {isa = PBXFileReference; lastKnownFileType = text.plist.strings; name = ko; path = ko.lproj/Main.strings; sourceTree = "<group>"; };
		52BC0C7221C00CFC005E8E45 /* StatusBarItem.swift */ = {isa = PBXFileReference; lastKnownFileType = sourcecode.swift; path = StatusBarItem.swift; sourceTree = "<group>"; };
		52C3511220CC53CC0073F0CA /* Preferences.swift */ = {isa = PBXFileReference; lastKnownFileType = sourcecode.swift; path = Preferences.swift; sourceTree = "<group>"; };
		52C3511820CC57B60073F0CA /* DynamicLauncher.app */ = {isa = PBXFileReference; explicitFileType = wrapper.application; includeInIndex = 0; path = DynamicLauncher.app; sourceTree = BUILT_PRODUCTS_DIR; };
		52C3511A20CC57B60073F0CA /* AppDelegate.swift */ = {isa = PBXFileReference; lastKnownFileType = sourcecode.swift; path = AppDelegate.swift; sourceTree = "<group>"; };
		52C3511C20CC57C80073F0CA /* Assets.xcassets */ = {isa = PBXFileReference; lastKnownFileType = folder.assetcatalog; path = Assets.xcassets; sourceTree = "<group>"; };
		52C3511F20CC57C80073F0CA /* Base */ = {isa = PBXFileReference; lastKnownFileType = file.xib; name = Base; path = Base.lproj/MainMenu.xib; sourceTree = "<group>"; };
		52C3512120CC57C80073F0CA /* Info.plist */ = {isa = PBXFileReference; lastKnownFileType = text.plist.xml; path = Info.plist; sourceTree = "<group>"; };
		52C3512220CC57C80073F0CA /* DynamicLauncher.entitlements */ = {isa = PBXFileReference; lastKnownFileType = text.plist.entitlements; path = DynamicLauncher.entitlements; sourceTree = "<group>"; };
		52C88EF82160678A003AF0B2 /* CHANGELOG.md */ = {isa = PBXFileReference; lastKnownFileType = net.daringfireball.markdown; path = CHANGELOG.md; sourceTree = "<group>"; };
		52C88EF9216067A7003AF0B2 /* CODE_OF_CONDUCT.md */ = {isa = PBXFileReference; lastKnownFileType = net.daringfireball.markdown; path = CODE_OF_CONDUCT.md; sourceTree = "<group>"; };
		52CC197021C0AD6A0061DE35 /* SetupStep.swift */ = {isa = PBXFileReference; lastKnownFileType = sourcecode.swift; path = SetupStep.swift; sourceTree = "<group>"; };
		52D27E56227D2D4F005C21D0 /* AppleInterfaceStyle.swift */ = {isa = PBXFileReference; lastKnownFileType = sourcecode.swift; path = AppleInterfaceStyle.swift; sourceTree = "<group>"; };
		52D27E59227D2E75005C21D0 /* TouchBar.swift */ = {isa = PBXFileReference; lastKnownFileType = sourcecode.swift; path = TouchBar.swift; sourceTree = "<group>"; };
		52D27E5B227D2FBB005C21D0 /* AppleInterfaceStyle+Coordinator.swift */ = {isa = PBXFileReference; lastKnownFileType = sourcecode.swift; path = "AppleInterfaceStyle+Coordinator.swift"; sourceTree = "<group>"; };
		52D27E5D227D3294005C21D0 /* Shortcut.swift */ = {isa = PBXFileReference; lastKnownFileType = sourcecode.swift; path = Shortcut.swift; sourceTree = "<group>"; };
		52DC7980215ECB48005EE97E /* Auxiliary.swift */ = {isa = PBXFileReference; lastKnownFileType = sourcecode.swift; path = Auxiliary.swift; sourceTree = "<group>"; };
		52E3B22E227BC29300D65AC6 /* ja */ = {isa = PBXFileReference; lastKnownFileType = text.plist.strings; name = ja; path = ja.lproj/InfoPlist.strings; sourceTree = "<group>"; };
		52E3B22F227BC29300D65AC6 /* ja */ = {isa = PBXFileReference; lastKnownFileType = text.plist.strings; name = ja; path = ja.lproj/InfoPlist.strings; sourceTree = "<group>"; };
		52E3B230227BC29300D65AC6 /* ja */ = {isa = PBXFileReference; lastKnownFileType = text.plist.strings; name = ja; path = ja.lproj/Localizable.strings; sourceTree = "<group>"; };
		52E3B231227BC29300D65AC6 /* ja */ = {isa = PBXFileReference; lastKnownFileType = text.plist.strings; name = ja; path = ja.lproj/Main.strings; sourceTree = "<group>"; };
		53A351B3F4C95911ACEAF9E2 /* Pods-Dynamic Dark Mode.release.xcconfig */ = {isa = PBXFileReference; includeInIndex = 1; lastKnownFileType = text.xcconfig; name = "Pods-Dynamic Dark Mode.release.xcconfig"; path = "Target Support Files/Pods-Dynamic Dark Mode/Pods-Dynamic Dark Mode.release.xcconfig"; sourceTree = "<group>"; };
		6156D554666DD1DDB736ADB1 /* libPods-DynamicLauncher.a */ = {isa = PBXFileReference; explicitFileType = archive.ar; includeInIndex = 0; path = "libPods-DynamicLauncher.a"; sourceTree = BUILT_PRODUCTS_DIR; };
		687EF500DBBFEBBE226CDD0E /* Pods-DynamicLauncher.debug masless.xcconfig */ = {isa = PBXFileReference; includeInIndex = 1; lastKnownFileType = text.xcconfig; name = "Pods-DynamicLauncher.debug masless.xcconfig"; path = "Target Support Files/Pods-DynamicLauncher/Pods-DynamicLauncher.debug masless.xcconfig"; sourceTree = "<group>"; };
		69C9F656649617FA94C317C2 /* Pods-Dynamic Dark Mode.debug.xcconfig */ = {isa = PBXFileReference; includeInIndex = 1; lastKnownFileType = text.xcconfig; name = "Pods-Dynamic Dark Mode.debug.xcconfig"; path = "Target Support Files/Pods-Dynamic Dark Mode/Pods-Dynamic Dark Mode.debug.xcconfig"; sourceTree = "<group>"; };
		706D395820E3766D0079535E /* SettingsViewController + TouchBar.swift */ = {isa = PBXFileReference; lastKnownFileType = sourcecode.swift; path = "SettingsViewController + TouchBar.swift"; sourceTree = "<group>"; };
		706D395B20E377E40079535E /* Localizations.swift */ = {isa = PBXFileReference; fileEncoding = 4; lastKnownFileType = sourcecode.swift; path = Localizations.swift; sourceTree = "<group>"; };
		706D395E20E3796A0079535E /* DFRFoundation.framework */ = {isa = PBXFileReference; lastKnownFileType = wrapper.framework; name = DFRFoundation.framework; path = ../../../System/Library/PrivateFrameworks/DFRFoundation.framework; sourceTree = "<group>"; };
		706D396320E37A5E0079535E /* Dynamic-Bridging-Header.h */ = {isa = PBXFileReference; lastKnownFileType = sourcecode.c.h; path = "Dynamic-Bridging-Header.h"; sourceTree = "<group>"; };
		706D396620E37A870079535E /* TouchBarPrivateAPI.h */ = {isa = PBXFileReference; lastKnownFileType = sourcecode.c.h; path = TouchBarPrivateAPI.h; sourceTree = "<group>"; };
		707CC24522FAC3EF002210ED /* DynamicDesktopSettingsViewController.swift */ = {isa = PBXFileReference; lastKnownFileType = sourcecode.swift; path = DynamicDesktopSettingsViewController.swift; sourceTree = "<group>"; };
		9F77608674EF20F406DEA0E4 /* Pods-Dynamic Dark Mode.release masless.xcconfig */ = {isa = PBXFileReference; includeInIndex = 1; lastKnownFileType = text.xcconfig; name = "Pods-Dynamic Dark Mode.release masless.xcconfig"; path = "Target Support Files/Pods-Dynamic Dark Mode/Pods-Dynamic Dark Mode.release masless.xcconfig"; sourceTree = "<group>"; };
		AC0EC2A58FD0F8F43B582EAC /* Pods-DynamicLauncher.debug.xcconfig */ = {isa = PBXFileReference; includeInIndex = 1; lastKnownFileType = text.xcconfig; name = "Pods-DynamicLauncher.debug.xcconfig"; path = "Target Support Files/Pods-DynamicLauncher/Pods-DynamicLauncher.debug.xcconfig"; sourceTree = "<group>"; };
		CFCD4183FA91D594A9622C59 /* libPods-Dynamic Dark Mode.a */ = {isa = PBXFileReference; explicitFileType = archive.ar; includeInIndex = 0; path = "libPods-Dynamic Dark Mode.a"; sourceTree = BUILT_PRODUCTS_DIR; };
		D2BAC95B2326C02900E56B86 /* appcast.xml */ = {isa = PBXFileReference; lastKnownFileType = text.xml; path = appcast.xml; sourceTree = "<group>"; };
		D2BAC960232790D700E56B86 /* Tools */ = {isa = PBXFileReference; explicitFileType = "compiled.mach-o.executable"; includeInIndex = 0; path = Tools; sourceTree = BUILT_PRODUCTS_DIR; };
		D2BAC962232790D700E56B86 /* main.swift */ = {isa = PBXFileReference; lastKnownFileType = sourcecode.swift; path = main.swift; sourceTree = "<group>"; };
		D838555BDD4861F157AE9DE6 /* Pods-DynamicLauncher.release.xcconfig */ = {isa = PBXFileReference; includeInIndex = 1; lastKnownFileType = text.xcconfig; name = "Pods-DynamicLauncher.release.xcconfig"; path = "Target Support Files/Pods-DynamicLauncher/Pods-DynamicLauncher.release.xcconfig"; sourceTree = "<group>"; };
		ED6A51F921772F27004DEFEA /* fr */ = {isa = PBXFileReference; lastKnownFileType = text.plist.strings; name = fr; path = fr.lproj/Main.strings; sourceTree = "<group>"; };
		ED6A51FB21772F28004DEFEA /* fr */ = {isa = PBXFileReference; lastKnownFileType = text.plist.strings; name = fr; path = fr.lproj/Localizable.strings; sourceTree = "<group>"; };
		ED6A51FC21772F28004DEFEA /* fr */ = {isa = PBXFileReference; lastKnownFileType = text.plist.strings; name = fr; path = fr.lproj/InfoPlist.strings; sourceTree = "<group>"; };
		ED6A51FD21772F28004DEFEA /* fr */ = {isa = PBXFileReference; lastKnownFileType = text.plist.strings; name = fr; path = fr.lproj/InfoPlist.strings; sourceTree = "<group>"; };
		EDF6DB69217741AA00F38F66 /* fr */ = {isa = PBXFileReference; lastKnownFileType = text.plist.strings; name = fr; path = fr.lproj/MainMenu.strings; sourceTree = "<group>"; };
/* End PBXFileReference section */

/* Begin PBXFrameworksBuildPhase section */
		52168FB520C8B47100869A9C /* Frameworks */ = {
			isa = PBXFrameworksBuildPhase;
			buildActionMask = 2147483647;
			files = (
				527B4472227E4252006E8369 /* DFRFoundation.framework in Frameworks */,
				36B1BCC10E9080C940A1F0A3 /* libPods-Dynamic Dark Mode.a in Frameworks */,
			);
			runOnlyForDeploymentPostprocessing = 0;
		};
		52C3511520CC57B60073F0CA /* Frameworks */ = {
			isa = PBXFrameworksBuildPhase;
			buildActionMask = 2147483647;
			files = (
				87B3CD5A08DDE27B12711519 /* libPods-DynamicLauncher.a in Frameworks */,
			);
			runOnlyForDeploymentPostprocessing = 0;
		};
		D2BAC95D232790D700E56B86 /* Frameworks */ = {
			isa = PBXFrameworksBuildPhase;
			buildActionMask = 2147483647;
			files = (
				D2BAC9692327932C00E56B86 /* XMLCoder in Frameworks */,
			);
			runOnlyForDeploymentPostprocessing = 0;
		};
/* End PBXFrameworksBuildPhase section */

/* Begin PBXGroup section */
		5206B8B92219AF9D00D22358 /* Auxiliary */ = {
			isa = PBXGroup;
			children = (
				52DC7980215ECB48005EE97E /* Auxiliary.swift */,
				5216158F227DE4E300725F57 /* Connectivity.swift */,
				706D395B20E377E40079535E /* Localizations.swift */,
				5206B8BA2219B02600D22358 /* Error.swift */,
				5206B8BC2219B08100D22358 /* Notification.swift */,
			);
			path = Auxiliary;
			sourceTree = "<group>";
		};
		520EF73621A0567B003326F2 /* Scheduler */ = {
			isa = PBXGroup;
			children = (
				5225FDBD20D14B96006E9AF0 /* Scheduler.swift */,
				520EF73721A056A3003326F2 /* Location.swift */,
				520EF73921A08D1B003326F2 /* Solar.swift */,
			);
			path = Scheduler;
			sourceTree = "<group>";
		};
		52168FAF20C8B47100869A9C = {
			isa = PBXGroup;
			children = (
				523718332157467A00AEC921 /* README.md */,
				523718342157468900AEC921 /* privacy.md */,
				52C88EF82160678A003AF0B2 /* CHANGELOG.md */,
				D2BAC95B2326C02900E56B86 /* appcast.xml */,
				52C88EF9216067A7003AF0B2 /* CODE_OF_CONDUCT.md */,
				523718352157469800AEC921 /* LICENSE */,
				52168FBA20C8B47100869A9C /* Dynamic */,
				52C3511920CC57B60073F0CA /* DynamicLauncher */,
				D2BAC961232790D700E56B86 /* Tools */,
				52168FB920C8B47100869A9C /* Products */,
				52168FDA20C9F87000869A9C /* Frameworks */,
				F34DBA40529B714E31832529 /* Pods */,
			);
			sourceTree = "<group>";
		};
		52168FB920C8B47100869A9C /* Products */ = {
			isa = PBXGroup;
			children = (
				52168FB820C8B47100869A9C /* Dynamic Dark Mode.app */,
				52C3511820CC57B60073F0CA /* DynamicLauncher.app */,
				D2BAC960232790D700E56B86 /* Tools */,
			);
			name = Products;
			sourceTree = "<group>";
		};
		52168FBA20C8B47100869A9C /* Dynamic */ = {
			isa = PBXGroup;
			children = (
				52168FD220C9A5D700869A9C /* View Controller */,
				52168FCD20C8B57200869A9C /* Components */,
				5206B8B92219AF9D00D22358 /* Auxiliary */,
				52168FCB20C8B51A00869A9C /* Supporting Files */,
			);
			path = Dynamic;
			sourceTree = "<group>";
		};
		52168FCB20C8B51A00869A9C /* Supporting Files */ = {
			isa = PBXGroup;
			children = (
				706D396320E37A5E0079535E /* Dynamic-Bridging-Header.h */,
				706D396620E37A870079535E /* TouchBarPrivateAPI.h */,
				52168FBF20C8B47200869A9C /* Assets.xcassets */,
				52168FC420C8B47200869A9C /* Info.plist */,
				5236A8F121606035009DA3A3 /* Localizable.strings */,
				5236A8EB21606035009DA3A3 /* InfoPlist.strings */,
				52168FC520C8B47200869A9C /* Dynamic.entitlements */,
				524712E22157786A00F48CA0 /* Credits.rtf */,
			);
			path = "Supporting Files";
			sourceTree = "<group>";
		};
		52168FCD20C8B57200869A9C /* Components */ = {
			isa = PBXGroup;
			children = (
				52C3511220CC53CC0073F0CA /* Preferences.swift */,
				52D27E5B227D2FBB005C21D0 /* AppleInterfaceStyle+Coordinator.swift */,
				5265C6C920D0B84900488D39 /* Appearance */,
				5265C6CA20D0B85B00488D39 /* Brightness */,
				520EF73621A0567B003326F2 /* Scheduler */,
			);
			path = Components;
			sourceTree = "<group>";
		};
		52168FD220C9A5D700869A9C /* View Controller */ = {
			isa = PBXGroup;
			children = (
				52168FD720C9A63B00869A9C /* Main.storyboard */,
				52168FBB20C8B47100869A9C /* AppDelegate.swift */,
				52688649215AF604009A2FE3 /* Welcome */,
				5268864A215AF802009A2FE3 /* Settings */,
				52D27E61227D45E6005C21D0 /* Access Points */,
			);
			path = "View Controller";
			sourceTree = "<group>";
		};
		52168FDA20C9F87000869A9C /* Frameworks */ = {
			isa = PBXGroup;
			children = (
				706D395E20E3796A0079535E /* DFRFoundation.framework */,
				523CF01C227E1E44000E4173 /* DFRFoundation.framework */,
				CFCD4183FA91D594A9622C59 /* libPods-Dynamic Dark Mode.a */,
				6156D554666DD1DDB736ADB1 /* libPods-DynamicLauncher.a */,
			);
			name = Frameworks;
			sourceTree = "<group>";
		};
		5265C6C920D0B84900488D39 /* Appearance */ = {
			isa = PBXGroup;
			children = (
				52D27E56227D2D4F005C21D0 /* AppleInterfaceStyle.swift */,
				52168FCE20C8B59300869A9C /* AppleInterfaceStyle+NSAppearance.swift */,
				52168FD020C99CB100869A9C /* AppleScriptHelper.swift */,
			);
			path = Appearance;
			sourceTree = "<group>";
		};
		5265C6CA20D0B85B00488D39 /* Brightness */ = {
			isa = PBXGroup;
			children = (
				52168FD820C9B0DD00869A9C /* NSScreen + Brightness.swift */,
				5262878820CB38D6009BA4EF /* ScreenBrightnessObserver.swift */,
			);
			path = Brightness;
			sourceTree = "<group>";
		};
		52688649215AF604009A2FE3 /* Welcome */ = {
			isa = PBXGroup;
			children = (
				5214CD8E215B3BED008A7E83 /* Welcome.swift */,
				52688653215B2FA8009A2FE3 /* SlideSegue.swift */,
				52CC197021C0AD6A0061DE35 /* SetupStep.swift */,
				5268864D215AFC73009A2FE3 /* AllowSystemEventsViewController.swift */,
				5266354C215F177C008176E9 /* AllowLocationViewController.swift */,
			);
			path = Welcome;
			sourceTree = "<group>";
		};
		5268864A215AF802009A2FE3 /* Settings */ = {
			isa = PBXGroup;
			children = (
				5237AE5020CCC051009CF037 /* SettingsViewController.swift */,
				706D395820E3766D0079535E /* SettingsViewController + TouchBar.swift */,
				707CC24522FAC3EF002210ED /* DynamicDesktopSettingsViewController.swift */,
			);
			path = Settings;
			sourceTree = "<group>";
		};
		52C3511920CC57B60073F0CA /* DynamicLauncher */ = {
			isa = PBXGroup;
			children = (
				52C3511A20CC57B60073F0CA /* AppDelegate.swift */,
				52C3511C20CC57C80073F0CA /* Assets.xcassets */,
				52C3511E20CC57C80073F0CA /* MainMenu.xib */,
				52C3512120CC57C80073F0CA /* Info.plist */,
				5236A8EE21606035009DA3A3 /* InfoPlist.strings */,
				52C3512220CC57C80073F0CA /* DynamicLauncher.entitlements */,
			);
			path = DynamicLauncher;
			sourceTree = "<group>";
		};
		52D27E61227D45E6005C21D0 /* Access Points */ = {
			isa = PBXGroup;
			children = (
				52D27E59227D2E75005C21D0 /* TouchBar.swift */,
				52BC0C7221C00CFC005E8E45 /* StatusBarItem.swift */,
				52D27E5D227D3294005C21D0 /* Shortcut.swift */,
			);
			path = "Access Points";
			sourceTree = "<group>";
		};
		D2BAC961232790D700E56B86 /* Tools */ = {
			isa = PBXGroup;
			children = (
				D2BAC962232790D700E56B86 /* main.swift */,
			);
			path = Tools;
			sourceTree = "<group>";
		};
		F34DBA40529B714E31832529 /* Pods */ = {
			isa = PBXGroup;
			children = (
				69C9F656649617FA94C317C2 /* Pods-Dynamic Dark Mode.debug.xcconfig */,
				41E38B743A34DBC550D39649 /* Pods-Dynamic Dark Mode.debug masless.xcconfig */,
				53A351B3F4C95911ACEAF9E2 /* Pods-Dynamic Dark Mode.release.xcconfig */,
				9F77608674EF20F406DEA0E4 /* Pods-Dynamic Dark Mode.release masless.xcconfig */,
				AC0EC2A58FD0F8F43B582EAC /* Pods-DynamicLauncher.debug.xcconfig */,
				687EF500DBBFEBBE226CDD0E /* Pods-DynamicLauncher.debug masless.xcconfig */,
				D838555BDD4861F157AE9DE6 /* Pods-DynamicLauncher.release.xcconfig */,
				178D15FF0B9E5588D9E47D57 /* Pods-DynamicLauncher.release masless.xcconfig */,
			);
			path = Pods;
			sourceTree = "<group>";
		};
/* End PBXGroup section */

/* Begin PBXNativeTarget section */
		52168FB720C8B47100869A9C /* Dynamic Dark Mode */ = {
			isa = PBXNativeTarget;
			buildConfigurationList = 52168FC820C8B47200869A9C /* Build configuration list for PBXNativeTarget "Dynamic Dark Mode" */;
			buildPhases = (
				E8FB4AC62B768B005584C068 /* [CP] Check Pods Manifest.lock */,
				52168FB420C8B47100869A9C /* Sources */,
				52168FB520C8B47100869A9C /* Frameworks */,
				52168FB620C8B47100869A9C /* Resources */,
				5237AE5220CCC084009CF037 /* Copy Files */,
				589F8C922A5F4E3DC20A2060 /* [CP] Copy Pods Resources */,
				93713264CD55F9F7A90BEFF1 /* [CP] Embed Pods Frameworks */,
			);
			buildRules = (
			);
			dependencies = (
			);
			name = "Dynamic Dark Mode";
			productName = Dynamic;
			productReference = 52168FB820C8B47100869A9C /* Dynamic Dark Mode.app */;
			productType = "com.apple.product-type.application";
		};
		52C3511720CC57B60073F0CA /* DynamicLauncher */ = {
			isa = PBXNativeTarget;
			buildConfigurationList = 52C3512320CC57C80073F0CA /* Build configuration list for PBXNativeTarget "DynamicLauncher" */;
			buildPhases = (
				0FC8C90E17FF223658DCB814 /* [CP] Check Pods Manifest.lock */,
				52C3511420CC57B60073F0CA /* Sources */,
				52C3511520CC57B60073F0CA /* Frameworks */,
				52C3511620CC57B60073F0CA /* Resources */,
			);
			buildRules = (
			);
			dependencies = (
			);
			name = DynamicLauncher;
			productName = DynamicLauncher;
			productReference = 52C3511820CC57B60073F0CA /* DynamicLauncher.app */;
			productType = "com.apple.product-type.application";
		};
		D2BAC95F232790D700E56B86 /* Tools */ = {
			isa = PBXNativeTarget;
			buildConfigurationList = D2BAC964232790D700E56B86 /* Build configuration list for PBXNativeTarget "Tools" */;
			buildPhases = (
				D2BAC95C232790D700E56B86 /* Sources */,
				D2BAC95D232790D700E56B86 /* Frameworks */,
				D2BAC95E232790D700E56B86 /* CopyFiles */,
			);
			buildRules = (
			);
			dependencies = (
			);
			name = Tools;
			packageProductDependencies = (
				D2BAC9682327932C00E56B86 /* XMLCoder */,
			);
			productName = Tools;
			productReference = D2BAC960232790D700E56B86 /* Tools */;
			productType = "com.apple.product-type.tool";
		};
/* End PBXNativeTarget section */

/* Begin PBXProject section */
		52168FB020C8B47100869A9C /* Project object */ = {
			isa = PBXProject;
			attributes = {
				LastSwiftUpdateCheck = 1100;
				LastUpgradeCheck = 1000;
				ORGANIZATIONNAME = "Dynamic Dark Mode";
				TargetAttributes = {
					52168FB720C8B47100869A9C = {
						CreatedOnToolsVersion = 10.0;
						LastSwiftMigration = 1000;
						SystemCapabilities = {
							com.apple.HardenedRuntime = {
								enabled = 1;
							};
							com.apple.Push = {
								enabled = 0;
							};
							com.apple.Sandbox = {
								enabled = 0;
							};
						};
					};
					52C3511720CC57B60073F0CA = {
						CreatedOnToolsVersion = 10.0;
						SystemCapabilities = {
							com.apple.HardenedRuntime = {
								enabled = 1;
							};
							com.apple.Sandbox = {
								enabled = 1;
							};
						};
					};
					D2BAC95F232790D700E56B86 = {
						CreatedOnToolsVersion = 11.0;
					};
				};
			};
			buildConfigurationList = 52168FB320C8B47100869A9C /* Build configuration list for PBXProject "Dynamic Dark Mode" */;
			compatibilityVersion = "Xcode 9.3";
			developmentRegion = en;
			hasScannedForEncodings = 0;
			knownRegions = (
				en,
				Base,
				"zh-Hans",
				de,
				id,
				eo,
				ru,
				fr,
				ja,
				ko,
			);
			mainGroup = 52168FAF20C8B47100869A9C;
			packageReferences = (
				D2BAC9672327932C00E56B86 /* XCRemoteSwiftPackageReference "XMLCoder" */,
			);
			productRefGroup = 52168FB920C8B47100869A9C /* Products */;
			projectDirPath = "";
			projectRoot = "";
			targets = (
				52168FB720C8B47100869A9C /* Dynamic Dark Mode */,
				52C3511720CC57B60073F0CA /* DynamicLauncher */,
				D2BAC95F232790D700E56B86 /* Tools */,
			);
		};
/* End PBXProject section */

/* Begin PBXResourcesBuildPhase section */
		52168FB620C8B47100869A9C /* Resources */ = {
			isa = PBXResourcesBuildPhase;
			buildActionMask = 2147483647;
			files = (
				5236A8ED21606035009DA3A3 /* InfoPlist.strings in Resources */,
				524712E32157786A00F48CA0 /* Credits.rtf in Resources */,
				52168FC020C8B47200869A9C /* Assets.xcassets in Resources */,
				5236A8F321606035009DA3A3 /* Localizable.strings in Resources */,
				52168FD520C9A63B00869A9C /* Main.storyboard in Resources */,
			);
			runOnlyForDeploymentPostprocessing = 0;
		};
		52C3511620CC57B60073F0CA /* Resources */ = {
			isa = PBXResourcesBuildPhase;
			buildActionMask = 2147483647;
			files = (
				52C3511D20CC57C80073F0CA /* Assets.xcassets in Resources */,
				5236A8F021606035009DA3A3 /* InfoPlist.strings in Resources */,
				52C3512020CC57C80073F0CA /* MainMenu.xib in Resources */,
			);
			runOnlyForDeploymentPostprocessing = 0;
		};
/* End PBXResourcesBuildPhase section */

/* Begin PBXShellScriptBuildPhase section */
		0FC8C90E17FF223658DCB814 /* [CP] Check Pods Manifest.lock */ = {
			isa = PBXShellScriptBuildPhase;
			buildActionMask = 2147483647;
			files = (
			);
			inputFileListPaths = (
			);
			inputPaths = (
				"${PODS_PODFILE_DIR_PATH}/Podfile.lock",
				"${PODS_ROOT}/Manifest.lock",
			);
			name = "[CP] Check Pods Manifest.lock";
			outputFileListPaths = (
			);
			outputPaths = (
				"$(DERIVED_FILE_DIR)/Pods-DynamicLauncher-checkManifestLockResult.txt",
			);
			runOnlyForDeploymentPostprocessing = 0;
			shellPath = /bin/sh;
			shellScript = "diff \"${PODS_PODFILE_DIR_PATH}/Podfile.lock\" \"${PODS_ROOT}/Manifest.lock\" > /dev/null\nif [ $? != 0 ] ; then\n    # print error to STDERR\n    echo \"error: The sandbox is not in sync with the Podfile.lock. Run 'pod install' or update your CocoaPods installation.\" >&2\n    exit 1\nfi\n# This output is used by Xcode 'outputs' to avoid re-running this script phase.\necho \"SUCCESS\" > \"${SCRIPT_OUTPUT_FILE_0}\"\n";
			showEnvVarsInLog = 0;
		};
		589F8C922A5F4E3DC20A2060 /* [CP] Copy Pods Resources */ = {
			isa = PBXShellScriptBuildPhase;
			buildActionMask = 2147483647;
			files = (
			);
			inputFileListPaths = (
				"${PODS_ROOT}/Target Support Files/Pods-Dynamic Dark Mode/Pods-Dynamic Dark Mode-resources-${CONFIGURATION}-input-files.xcfilelist",
			);
			name = "[CP] Copy Pods Resources";
			outputFileListPaths = (
				"${PODS_ROOT}/Target Support Files/Pods-Dynamic Dark Mode/Pods-Dynamic Dark Mode-resources-${CONFIGURATION}-output-files.xcfilelist",
			);
			runOnlyForDeploymentPostprocessing = 0;
			shellPath = /bin/sh;
			shellScript = "\"${PODS_ROOT}/Target Support Files/Pods-Dynamic Dark Mode/Pods-Dynamic Dark Mode-resources.sh\"\n";
			showEnvVarsInLog = 0;
		};
		93713264CD55F9F7A90BEFF1 /* [CP] Embed Pods Frameworks */ = {
			isa = PBXShellScriptBuildPhase;
			buildActionMask = 2147483647;
			files = (
			);
			inputFileListPaths = (
				"${PODS_ROOT}/Target Support Files/Pods-Dynamic Dark Mode/Pods-Dynamic Dark Mode-frameworks-${CONFIGURATION}-input-files.xcfilelist",
			);
			name = "[CP] Embed Pods Frameworks";
			outputFileListPaths = (
				"${PODS_ROOT}/Target Support Files/Pods-Dynamic Dark Mode/Pods-Dynamic Dark Mode-frameworks-${CONFIGURATION}-output-files.xcfilelist",
			);
			runOnlyForDeploymentPostprocessing = 0;
			shellPath = /bin/sh;
			shellScript = "\"${PODS_ROOT}/Target Support Files/Pods-Dynamic Dark Mode/Pods-Dynamic Dark Mode-frameworks.sh\"\n";
			showEnvVarsInLog = 0;
		};
		E8FB4AC62B768B005584C068 /* [CP] Check Pods Manifest.lock */ = {
			isa = PBXShellScriptBuildPhase;
			buildActionMask = 2147483647;
			files = (
			);
			inputFileListPaths = (
			);
			inputPaths = (
				"${PODS_PODFILE_DIR_PATH}/Podfile.lock",
				"${PODS_ROOT}/Manifest.lock",
			);
			name = "[CP] Check Pods Manifest.lock";
			outputFileListPaths = (
			);
			outputPaths = (
				"$(DERIVED_FILE_DIR)/Pods-Dynamic Dark Mode-checkManifestLockResult.txt",
			);
			runOnlyForDeploymentPostprocessing = 0;
			shellPath = /bin/sh;
			shellScript = "diff \"${PODS_PODFILE_DIR_PATH}/Podfile.lock\" \"${PODS_ROOT}/Manifest.lock\" > /dev/null\nif [ $? != 0 ] ; then\n    # print error to STDERR\n    echo \"error: The sandbox is not in sync with the Podfile.lock. Run 'pod install' or update your CocoaPods installation.\" >&2\n    exit 1\nfi\n# This output is used by Xcode 'outputs' to avoid re-running this script phase.\necho \"SUCCESS\" > \"${SCRIPT_OUTPUT_FILE_0}\"\n";
			showEnvVarsInLog = 0;
		};
/* End PBXShellScriptBuildPhase section */

/* Begin PBXSourcesBuildPhase section */
		52168FB420C8B47100869A9C /* Sources */ = {
			isa = PBXSourcesBuildPhase;
			buildActionMask = 2147483647;
			files = (
				52D27E5A227D2E75005C21D0 /* TouchBar.swift in Sources */,
				706D395D20E377E40079535E /* Localizations.swift in Sources */,
				5214CD8F215B3BED008A7E83 /* Welcome.swift in Sources */,
				52DC7981215ECB48005EE97E /* Auxiliary.swift in Sources */,
				707CC24622FAC3EF002210ED /* DynamicDesktopSettingsViewController.swift in Sources */,
				52CC197121C0AD6A0061DE35 /* SetupStep.swift in Sources */,
				520EF73A21A08D1B003326F2 /* Solar.swift in Sources */,
				52168FD920C9B0DD00869A9C /* NSScreen + Brightness.swift in Sources */,
				5225FDBE20D14B96006E9AF0 /* Scheduler.swift in Sources */,
				52161590227DE4E300725F57 /* Connectivity.swift in Sources */,
				520EF73821A056A3003326F2 /* Location.swift in Sources */,
				5206B8BB2219B02600D22358 /* Error.swift in Sources */,
				5262878920CB38D6009BA4EF /* ScreenBrightnessObserver.swift in Sources */,
				52D27E5C227D2FBB005C21D0 /* AppleInterfaceStyle+Coordinator.swift in Sources */,
				5237AE5120CCC051009CF037 /* SettingsViewController.swift in Sources */,
				52BC0C7321C00CFC005E8E45 /* StatusBarItem.swift in Sources */,
				52D27E5E227D3294005C21D0 /* Shortcut.swift in Sources */,
				52D27E57227D2D4F005C21D0 /* AppleInterfaceStyle.swift in Sources */,
				52688654215B2FA8009A2FE3 /* SlideSegue.swift in Sources */,
				52C3511320CC53CD0073F0CA /* Preferences.swift in Sources */,
				5266354D215F177D008176E9 /* AllowLocationViewController.swift in Sources */,
				706D395920E3766D0079535E /* SettingsViewController + TouchBar.swift in Sources */,
				5268864F215AFC73009A2FE3 /* AllowSystemEventsViewController.swift in Sources */,
				5206B8BD2219B08100D22358 /* Notification.swift in Sources */,
				52168FD120C99CB100869A9C /* AppleScriptHelper.swift in Sources */,
				52168FCF20C8B59300869A9C /* AppleInterfaceStyle+NSAppearance.swift in Sources */,
				52168FBC20C8B47100869A9C /* AppDelegate.swift in Sources */,
			);
			runOnlyForDeploymentPostprocessing = 0;
		};
		52C3511420CC57B60073F0CA /* Sources */ = {
			isa = PBXSourcesBuildPhase;
			buildActionMask = 2147483647;
			files = (
				52C3511B20CC57B60073F0CA /* AppDelegate.swift in Sources */,
			);
			runOnlyForDeploymentPostprocessing = 0;
		};
		D2BAC95C232790D700E56B86 /* Sources */ = {
			isa = PBXSourcesBuildPhase;
			buildActionMask = 2147483647;
			files = (
				D2BAC963232790D700E56B86 /* main.swift in Sources */,
			);
			runOnlyForDeploymentPostprocessing = 0;
		};
/* End PBXSourcesBuildPhase section */

/* Begin PBXVariantGroup section */
		52168FD720C9A63B00869A9C /* Main.storyboard */ = {
			isa = PBXVariantGroup;
			children = (
				52168FD620C9A63B00869A9C /* Base */,
				525324F921603D7300904D76 /* zh-Hans */,
				5291EF0521656269002C10DE /* de */,
				52972627216A06ED00C62F19 /* id */,
				5297262C216BD4F000C62F19 /* eo */,
				52972631216BD50300C62F19 /* ru */,
				ED6A51F921772F27004DEFEA /* fr */,
				52E3B231227BC29300D65AC6 /* ja */,
				52B37155227BC73A0005B1B7 /* ko */,
			);
			name = Main.storyboard;
			sourceTree = "<group>";
		};
		5236A8EB21606035009DA3A3 /* InfoPlist.strings */ = {
			isa = PBXVariantGroup;
			children = (
				5236A8EC21606035009DA3A3 /* zh-Hans */,
				5291EF082165626B002C10DE /* de */,
				5297262A216A06EE00C62F19 /* id */,
				5297262F216BD4F300C62F19 /* eo */,
				52972634216BD50300C62F19 /* ru */,
				ED6A51FC21772F28004DEFEA /* fr */,
				52E3B22F227BC29300D65AC6 /* ja */,
				52B37153227BC73A0005B1B7 /* ko */,
			);
			name = InfoPlist.strings;
			sourceTree = "<group>";
		};
		5236A8EE21606035009DA3A3 /* InfoPlist.strings */ = {
			isa = PBXVariantGroup;
			children = (
				5236A8EF21606035009DA3A3 /* zh-Hans */,
				5291EF092165626B002C10DE /* de */,
				5297262B216A06EE00C62F19 /* id */,
				52972630216BD4F500C62F19 /* eo */,
				52972635216BD50400C62F19 /* ru */,
				ED6A51FD21772F28004DEFEA /* fr */,
				52E3B22E227BC29300D65AC6 /* ja */,
				52B37152227BC73A0005B1B7 /* ko */,
			);
			name = InfoPlist.strings;
			sourceTree = "<group>";
		};
		5236A8F121606035009DA3A3 /* Localizable.strings */ = {
			isa = PBXVariantGroup;
			children = (
				5236A8F221606035009DA3A3 /* zh-Hans */,
				5291EF072165626B002C10DE /* de */,
				52972629216A06EE00C62F19 /* id */,
				5297262E216BD4F300C62F19 /* eo */,
				52972633216BD50300C62F19 /* ru */,
				ED6A51FB21772F28004DEFEA /* fr */,
				52E3B230227BC29300D65AC6 /* ja */,
				52B37154227BC73A0005B1B7 /* ko */,
			);
			name = Localizable.strings;
			sourceTree = "<group>";
		};
		52C3511E20CC57C80073F0CA /* MainMenu.xib */ = {
			isa = PBXVariantGroup;
			children = (
				52C3511F20CC57C80073F0CA /* Base */,
				525324FA21603D7300904D76 /* zh-Hans */,
				5291EF062165626A002C10DE /* de */,
				52972628216A06EE00C62F19 /* id */,
				5297262D216BD4F200C62F19 /* eo */,
				52972632216BD50300C62F19 /* ru */,
				EDF6DB69217741AA00F38F66 /* fr */,
			);
			name = MainMenu.xib;
			sourceTree = "<group>";
		};
/* End PBXVariantGroup section */

/* Begin XCBuildConfiguration section */
		52168FC620C8B47200869A9C /* Debug */ = {
			isa = XCBuildConfiguration;
			buildSettings = {
				ALWAYS_SEARCH_USER_PATHS = NO;
				CLANG_ANALYZER_LOCALIZABILITY_NONLOCALIZED = YES;
				CLANG_ANALYZER_NONNULL = YES;
				CLANG_ANALYZER_NUMBER_OBJECT_CONVERSION = YES_AGGRESSIVE;
				CLANG_CXX_LANGUAGE_STANDARD = "gnu++14";
				CLANG_CXX_LIBRARY = "libc++";
				CLANG_ENABLE_MODULES = YES;
				CLANG_ENABLE_OBJC_ARC = YES;
				CLANG_ENABLE_OBJC_WEAK = YES;
				CLANG_WARN_BLOCK_CAPTURE_AUTORELEASING = YES;
				CLANG_WARN_BOOL_CONVERSION = YES;
				CLANG_WARN_COMMA = YES;
				CLANG_WARN_CONSTANT_CONVERSION = YES;
				CLANG_WARN_DEPRECATED_OBJC_IMPLEMENTATIONS = YES;
				CLANG_WARN_DIRECT_OBJC_ISA_USAGE = YES_ERROR;
				CLANG_WARN_DOCUMENTATION_COMMENTS = YES;
				CLANG_WARN_EMPTY_BODY = YES;
				CLANG_WARN_ENUM_CONVERSION = YES;
				CLANG_WARN_INFINITE_RECURSION = YES;
				CLANG_WARN_INT_CONVERSION = YES;
				CLANG_WARN_NON_LITERAL_NULL_CONVERSION = YES;
				CLANG_WARN_OBJC_IMPLICIT_RETAIN_SELF = YES;
				CLANG_WARN_OBJC_LITERAL_CONVERSION = YES;
				CLANG_WARN_OBJC_ROOT_CLASS = YES_ERROR;
				CLANG_WARN_RANGE_LOOP_ANALYSIS = YES;
				CLANG_WARN_STRICT_PROTOTYPES = YES;
				CLANG_WARN_SUSPICIOUS_MOVE = YES;
				CLANG_WARN_UNGUARDED_AVAILABILITY = YES_AGGRESSIVE;
				CLANG_WARN_UNREACHABLE_CODE = YES;
				CLANG_WARN__DUPLICATE_METHOD_MATCH = YES;
				CODE_SIGN_IDENTITY = "-";
				COPY_PHASE_STRIP = NO;
				DEBUG_INFORMATION_FORMAT = dwarf;
				ENABLE_STRICT_OBJC_MSGSEND = YES;
				ENABLE_TESTABILITY = YES;
				GCC_C_LANGUAGE_STANDARD = gnu11;
				GCC_DYNAMIC_NO_PIC = NO;
				GCC_NO_COMMON_BLOCKS = YES;
				GCC_OPTIMIZATION_LEVEL = 0;
				GCC_PREPROCESSOR_DEFINITIONS = (
					"DEBUG=1",
					"$(inherited)",
				);
				GCC_WARN_64_TO_32_BIT_CONVERSION = YES;
				GCC_WARN_ABOUT_RETURN_TYPE = YES_ERROR;
				GCC_WARN_UNDECLARED_SELECTOR = YES;
				GCC_WARN_UNINITIALIZED_AUTOS = YES_AGGRESSIVE;
				GCC_WARN_UNUSED_FUNCTION = YES;
				GCC_WARN_UNUSED_VARIABLE = YES;
				MACOSX_DEPLOYMENT_TARGET = 10.14;
				MTL_ENABLE_DEBUG_INFO = INCLUDE_SOURCE;
				ONLY_ACTIVE_ARCH = YES;
				SDKROOT = macosx;
				SWIFT_ACTIVE_COMPILATION_CONDITIONS = DEBUG;
				SWIFT_OPTIMIZATION_LEVEL = "-Onone";
				VERSION = 1.3.9;
			};
			name = Debug;
		};
		52168FC720C8B47200869A9C /* Release */ = {
			isa = XCBuildConfiguration;
			buildSettings = {
				ALWAYS_SEARCH_USER_PATHS = NO;
				CLANG_ANALYZER_LOCALIZABILITY_NONLOCALIZED = YES;
				CLANG_ANALYZER_NONNULL = YES;
				CLANG_ANALYZER_NUMBER_OBJECT_CONVERSION = YES_AGGRESSIVE;
				CLANG_CXX_LANGUAGE_STANDARD = "gnu++14";
				CLANG_CXX_LIBRARY = "libc++";
				CLANG_ENABLE_MODULES = YES;
				CLANG_ENABLE_OBJC_ARC = YES;
				CLANG_ENABLE_OBJC_WEAK = YES;
				CLANG_WARN_BLOCK_CAPTURE_AUTORELEASING = YES;
				CLANG_WARN_BOOL_CONVERSION = YES;
				CLANG_WARN_COMMA = YES;
				CLANG_WARN_CONSTANT_CONVERSION = YES;
				CLANG_WARN_DEPRECATED_OBJC_IMPLEMENTATIONS = YES;
				CLANG_WARN_DIRECT_OBJC_ISA_USAGE = YES_ERROR;
				CLANG_WARN_DOCUMENTATION_COMMENTS = YES;
				CLANG_WARN_EMPTY_BODY = YES;
				CLANG_WARN_ENUM_CONVERSION = YES;
				CLANG_WARN_INFINITE_RECURSION = YES;
				CLANG_WARN_INT_CONVERSION = YES;
				CLANG_WARN_NON_LITERAL_NULL_CONVERSION = YES;
				CLANG_WARN_OBJC_IMPLICIT_RETAIN_SELF = YES;
				CLANG_WARN_OBJC_LITERAL_CONVERSION = YES;
				CLANG_WARN_OBJC_ROOT_CLASS = YES_ERROR;
				CLANG_WARN_RANGE_LOOP_ANALYSIS = YES;
				CLANG_WARN_STRICT_PROTOTYPES = YES;
				CLANG_WARN_SUSPICIOUS_MOVE = YES;
				CLANG_WARN_UNGUARDED_AVAILABILITY = YES_AGGRESSIVE;
				CLANG_WARN_UNREACHABLE_CODE = YES;
				CLANG_WARN__DUPLICATE_METHOD_MATCH = YES;
				CODE_SIGN_IDENTITY = "-";
				COPY_PHASE_STRIP = NO;
				DEBUG_INFORMATION_FORMAT = "dwarf-with-dsym";
				ENABLE_NS_ASSERTIONS = NO;
				ENABLE_STRICT_OBJC_MSGSEND = YES;
				GCC_C_LANGUAGE_STANDARD = gnu11;
				GCC_NO_COMMON_BLOCKS = YES;
				GCC_WARN_64_TO_32_BIT_CONVERSION = YES;
				GCC_WARN_ABOUT_RETURN_TYPE = YES_ERROR;
				GCC_WARN_UNDECLARED_SELECTOR = YES;
				GCC_WARN_UNINITIALIZED_AUTOS = YES_AGGRESSIVE;
				GCC_WARN_UNUSED_FUNCTION = YES;
				GCC_WARN_UNUSED_VARIABLE = YES;
				MACOSX_DEPLOYMENT_TARGET = 10.14;
				MTL_ENABLE_DEBUG_INFO = NO;
				SDKROOT = macosx;
				SWIFT_COMPILATION_MODE = wholemodule;
				SWIFT_OPTIMIZATION_LEVEL = "-O";
				VERSION = 1.3.9;
			};
			name = Release;
		};
		52168FC920C8B47200869A9C /* Debug */ = {
			isa = XCBuildConfiguration;
			baseConfigurationReference = 69C9F656649617FA94C317C2 /* Pods-Dynamic Dark Mode.debug.xcconfig */;
			buildSettings = {
				ASSETCATALOG_COMPILER_APPICON_NAME = AppIcon;
				CLANG_ENABLE_MODULES = YES;
				CODE_SIGN_ENTITLEMENTS = "Dynamic/Supporting Files/Dynamic.entitlements";
				CODE_SIGN_IDENTITY = "Mac Developer";
				CODE_SIGN_STYLE = Automatic;
				COMBINE_HIDPI_IMAGES = YES;
				DEVELOPMENT_TEAM = KZ7D8X3PRK;
				ENABLE_HARDENED_RUNTIME = YES;
				FRAMEWORK_SEARCH_PATHS = (
					"$(inherited)",
					"$(SYSTEM_LIBRARY_DIR)/PrivateFrameworks",
				);
				INFOPLIST_FILE = "$(SRCROOT)/Dynamic/Supporting Files/Info.plist";
				LD_RUNPATH_SEARCH_PATHS = (
					"$(inherited)",
					"@executable_path/../Frameworks",
				);
				PRODUCT_BUNDLE_IDENTIFIER = io.github.apollozhu.Dynamic;
				PRODUCT_NAME = "$(TARGET_NAME)";
				PROVISIONING_PROFILE_SPECIFIER = "";
				SWIFT_OBJC_BRIDGING_HEADER = "$(SRCROOT)/Dynamic/Supporting Files/Dynamic-Bridging-Header.h";
				SWIFT_VERSION = 5.0;
			};
			name = Debug;
		};
		52168FCA20C8B47200869A9C /* Release */ = {
			isa = XCBuildConfiguration;
			baseConfigurationReference = 53A351B3F4C95911ACEAF9E2 /* Pods-Dynamic Dark Mode.release.xcconfig */;
			buildSettings = {
				ASSETCATALOG_COMPILER_APPICON_NAME = AppIcon;
				CLANG_ENABLE_MODULES = YES;
				CODE_SIGN_ENTITLEMENTS = "Dynamic/Supporting Files/Dynamic.entitlements";
				CODE_SIGN_IDENTITY = "Mac Developer";
				CODE_SIGN_STYLE = Automatic;
				COMBINE_HIDPI_IMAGES = YES;
				DEVELOPMENT_TEAM = KZ7D8X3PRK;
				ENABLE_HARDENED_RUNTIME = YES;
				FRAMEWORK_SEARCH_PATHS = (
					"$(inherited)",
					"$(SYSTEM_LIBRARY_DIR)/PrivateFrameworks",
				);
				INFOPLIST_FILE = "$(SRCROOT)/Dynamic/Supporting Files/Info.plist";
				LD_RUNPATH_SEARCH_PATHS = (
					"$(inherited)",
					"@executable_path/../Frameworks",
				);
				PRODUCT_BUNDLE_IDENTIFIER = io.github.apollozhu.Dynamic;
				PRODUCT_NAME = "$(TARGET_NAME)";
				PROVISIONING_PROFILE_SPECIFIER = "";
				SWIFT_OBJC_BRIDGING_HEADER = "$(SRCROOT)/Dynamic/Supporting Files/Dynamic-Bridging-Header.h";
				SWIFT_VERSION = 5.0;
			};
			name = Release;
		};
		52C3512420CC57C80073F0CA /* Debug */ = {
			isa = XCBuildConfiguration;
			baseConfigurationReference = AC0EC2A58FD0F8F43B582EAC /* Pods-DynamicLauncher.debug.xcconfig */;
			buildSettings = {
				ASSETCATALOG_COMPILER_APPICON_NAME = AppIcon;
				CODE_SIGN_ENTITLEMENTS = DynamicLauncher/DynamicLauncher.entitlements;
				CODE_SIGN_IDENTITY = "Mac Developer";
				CODE_SIGN_STYLE = Automatic;
				COMBINE_HIDPI_IMAGES = YES;
				DEVELOPMENT_TEAM = KZ7D8X3PRK;
				ENABLE_HARDENED_RUNTIME = YES;
				INFOPLIST_FILE = DynamicLauncher/Info.plist;
				LD_RUNPATH_SEARCH_PATHS = (
					"$(inherited)",
					"@executable_path/../Frameworks",
				);
				PRODUCT_BUNDLE_IDENTIFIER = io.github.apollozhu.Dynamic.Launcher;
				PRODUCT_NAME = "$(TARGET_NAME)";
				SKIP_INSTALL = YES;
				SWIFT_VERSION = 5.0;
			};
			name = Debug;
		};
		52C3512520CC57C80073F0CA /* Release */ = {
			isa = XCBuildConfiguration;
			baseConfigurationReference = D838555BDD4861F157AE9DE6 /* Pods-DynamicLauncher.release.xcconfig */;
			buildSettings = {
				ASSETCATALOG_COMPILER_APPICON_NAME = AppIcon;
				CODE_SIGN_ENTITLEMENTS = DynamicLauncher/DynamicLauncher.entitlements;
				CODE_SIGN_IDENTITY = "Mac Developer";
				CODE_SIGN_STYLE = Automatic;
				COMBINE_HIDPI_IMAGES = YES;
				DEVELOPMENT_TEAM = KZ7D8X3PRK;
				ENABLE_HARDENED_RUNTIME = YES;
				INFOPLIST_FILE = DynamicLauncher/Info.plist;
				LD_RUNPATH_SEARCH_PATHS = (
					"$(inherited)",
					"@executable_path/../Frameworks",
				);
				PRODUCT_BUNDLE_IDENTIFIER = io.github.apollozhu.Dynamic.Launcher;
				PRODUCT_NAME = "$(TARGET_NAME)";
				SKIP_INSTALL = YES;
				SWIFT_VERSION = 5.0;
			};
			name = Release;
		};
		D2BAC965232790D700E56B86 /* Debug */ = {
			isa = XCBuildConfiguration;
			buildSettings = {
				CODE_SIGN_STYLE = Automatic;
				MACOSX_DEPLOYMENT_TARGET = 10.14;
				MTL_FAST_MATH = YES;
				PRODUCT_NAME = "$(TARGET_NAME)";
				SWIFT_VERSION = 5.0;
			};
			name = Debug;
		};
		D2BAC966232790D700E56B86 /* Release */ = {
			isa = XCBuildConfiguration;
			buildSettings = {
				CODE_SIGN_STYLE = Automatic;
				MACOSX_DEPLOYMENT_TARGET = 10.14;
				MTL_FAST_MATH = YES;
				PRODUCT_NAME = "$(TARGET_NAME)";
				SWIFT_VERSION = 5.0;
			};
			name = Release;
		};
/* End XCBuildConfiguration section */

/* Begin XCConfigurationList section */
		52168FB320C8B47100869A9C /* Build configuration list for PBXProject "Dynamic Dark Mode" */ = {
			isa = XCConfigurationList;
			buildConfigurations = (
				52168FC620C8B47200869A9C /* Debug */,
				52168FC720C8B47200869A9C /* Release */,
			);
			defaultConfigurationIsVisible = 0;
			defaultConfigurationName = Release;
		};
		52168FC820C8B47200869A9C /* Build configuration list for PBXNativeTarget "Dynamic Dark Mode" */ = {
			isa = XCConfigurationList;
			buildConfigurations = (
				52168FC920C8B47200869A9C /* Debug */,
				52168FCA20C8B47200869A9C /* Release */,
			);
			defaultConfigurationIsVisible = 0;
			defaultConfigurationName = Release;
		};
		52C3512320CC57C80073F0CA /* Build configuration list for PBXNativeTarget "DynamicLauncher" */ = {
			isa = XCConfigurationList;
			buildConfigurations = (
				52C3512420CC57C80073F0CA /* Debug */,
				52C3512520CC57C80073F0CA /* Release */,
			);
			defaultConfigurationIsVisible = 0;
			defaultConfigurationName = Release;
		};
		D2BAC964232790D700E56B86 /* Build configuration list for PBXNativeTarget "Tools" */ = {
			isa = XCConfigurationList;
			buildConfigurations = (
				D2BAC965232790D700E56B86 /* Debug */,
				D2BAC966232790D700E56B86 /* Release */,
			);
			defaultConfigurationIsVisible = 0;
			defaultConfigurationName = Release;
		};
/* End XCConfigurationList section */

/* Begin XCRemoteSwiftPackageReference section */
		D2BAC9672327932C00E56B86 /* XCRemoteSwiftPackageReference "XMLCoder" */ = {
			isa = XCRemoteSwiftPackageReference;
			repositoryURL = "https://github.com/MaxDesiatov/XMLCoder.git";
			requirement = {
				kind = upToNextMajorVersion;
				minimumVersion = 0.8.0;
			};
		};
/* End XCRemoteSwiftPackageReference section */

/* Begin XCSwiftPackageProductDependency section */
		D2BAC9682327932C00E56B86 /* XMLCoder */ = {
			isa = XCSwiftPackageProductDependency;
			package = D2BAC9672327932C00E56B86 /* XCRemoteSwiftPackageReference "XMLCoder" */;
			productName = XMLCoder;
		};
/* End XCSwiftPackageProductDependency section */
	};
	rootObject = 52168FB020C8B47100869A9C /* Project object */;
}
