PODS:
  - LetsMove (1.24)
  - Sparkle (1.19.0)

DEPENDENCIES:
  - LetsMove
  - Sparkle

SPEC REPOS:
  https://github.com/cocoapods/specs.git:
    - LetsMove
    - Sparkle

SPEC CHECKSUMS:
  LetsMove: fefe56bc7bc7fb7d37049e28a14f297961229fc5
  Sparkle: 8486d2493599665e466b5076e72b28849776e32f

PODFILE CHECKSUM: fdec5c29f6c32c7fa0138bf0a5879306161f781d

COCOAPODS: 1.5.3
