PODS:
  - LetsMove (1.24)
  - MASShortcut (2.3.6)
  - Schedule (2.0.0)
  - Solar (2.1.0)
  - Sparkle (1.21.3)

DEPENDENCIES:
  - LetsMove
  - MASShortcut
  - Schedule
  - Solar
  - Sparkle

SPEC REPOS:
  https://github.com/cocoapods/specs.git:
    - LetsMove
    - MASShortcut
    - Schedule
    - Solar
    - Sparkle

SPEC CHECKSUMS:
  LetsMove: fefe56bc7bc7fb7d37049e28a14f297961229fc5
  MASShortcut: 9c215e8a8a78f3d01ce56da48e2730ab66b538fa
  Schedule: 1a61a0fd9fb715489b83466a7895476cc603a78f
  Solar: 2dc6e7cc39186cb0c8228fa08df76fb50c7d8f24
  Sparkle: 3f75576db8b0265adef36c43249d747f22d0b708

PODFILE CHECKSUM: fd13928b8253c179a8e988a96f9cd4c0c202e403

COCOAPODS: 1.6.1
