// !$*UTF8*$!
{
	archiveVersion = 1;
	classes = {
	};
	objectVersion = 50;
	objects = {

/* Begin PBXBuildFile section */
		5214CD8F215B3BED008A7E83 /* Welcome.swift in Sources */ = {isa = PBXBuildFile; fileRef = 5214CD8E215B3BED008A7E83 /* Welcome.swift */; };
		52168FBC20C8B47100869A9C /* AppDelegate.swift in Sources */ = {isa = PBXBuildFile; fileRef = 52168FBB20C8B47100869A9C /* AppDelegate.swift */; };
		52168FC020C8B47200869A9C /* Assets.xcassets in Resources */ = {isa = PBXBuildFile; fileRef = 52168FBF20C8B47200869A9C /* Assets.xcassets */; };
		52168FCF20C8B59300869A9C /* AppearanceSwitcher.swift in Sources */ = {isa = PBXBuildFile; fileRef = 52168FCE20C8B59300869A9C /* AppearanceSwitcher.swift */; };
		52168FD120C99CB100869A9C /* AppleScriptHelper.swift in Sources */ = {isa = PBXBuildFile; fileRef = 52168FD020C99CB100869A9C /* AppleScriptHelper.swift */; };
		52168FD520C9A63B00869A9C /* Main.storyboard in Resources */ = {isa = PBXBuildFile; fileRef = 52168FD720C9A63B00869A9C /* Main.storyboard */; };
		52168FD920C9B0DD00869A9C /* NSScreen + Brightness.swift in Sources */ = {isa = PBXBuildFile; fileRef = 52168FD820C9B0DD00869A9C /* NSScreen + Brightness.swift */; };
		5225FDBE20D14B96006E9AF0 /* Scheduler.swift in Sources */ = {isa = PBXBuildFile; fileRef = 5225FDBD20D14B96006E9AF0 /* Scheduler.swift */; };
		5236A8ED21606035009DA3A3 /* InfoPlist.strings in Resources */ = {isa = PBXBuildFile; fileRef = 5236A8EB21606035009DA3A3 /* InfoPlist.strings */; };
		5236A8F021606035009DA3A3 /* InfoPlist.strings in Resources */ = {isa = PBXBuildFile; fileRef = 5236A8EE21606035009DA3A3 /* InfoPlist.strings */; };
		5236A8F321606035009DA3A3 /* Localizable.strings in Resources */ = {isa = PBXBuildFile; fileRef = 5236A8F121606035009DA3A3 /* Localizable.strings */; };
		5237AE5120CCC051009CF037 /* SettingsViewController.swift in Sources */ = {isa = PBXBuildFile; fileRef = 5237AE5020CCC051009CF037 /* SettingsViewController.swift */; };
		5237AE5320CCC09F009CF037 /* DynamicLauncher.app in Copy Files */ = {isa = PBXBuildFile; fileRef = 52C3511820CC57B60073F0CA /* DynamicLauncher.app */; settings = {ATTRIBUTES = (RemoveHeadersOnCopy, ); }; };
		524712E32157786A00F48CA0 /* Credits.rtf in Resources */ = {isa = PBXBuildFile; fileRef = 524712E22157786A00F48CA0 /* Credits.rtf */; };
		5262878920CB38D6009BA4EF /* ScreenBrightnessObserver.swift in Sources */ = {isa = PBXBuildFile; fileRef = 5262878820CB38D6009BA4EF /* ScreenBrightnessObserver.swift */; };
		5266354D215F177D008176E9 /* AllowLocationViewController.swift in Sources */ = {isa = PBXBuildFile; fileRef = 5266354C215F177C008176E9 /* AllowLocationViewController.swift */; };
		5268864F215AFC73009A2FE3 /* AllowSystemEventsViewController.swift in Sources */ = {isa = PBXBuildFile; fileRef = 5268864D215AFC73009A2FE3 /* AllowSystemEventsViewController.swift */; };
		52688652215B046B009A2FE3 /* OpenSettingsViewController.swift in Sources */ = {isa = PBXBuildFile; fileRef = 52688651215B046B009A2FE3 /* OpenSettingsViewController.swift */; };
		52688654215B2FA8009A2FE3 /* SlideSegue.swift in Sources */ = {isa = PBXBuildFile; fileRef = 52688653215B2FA8009A2FE3 /* SlideSegue.swift */; };
		52C3511320CC53CD0073F0CA /* Preferences.swift in Sources */ = {isa = PBXBuildFile; fileRef = 52C3511220CC53CC0073F0CA /* Preferences.swift */; };
		52C3511B20CC57B60073F0CA /* AppDelegate.swift in Sources */ = {isa = PBXBuildFile; fileRef = 52C3511A20CC57B60073F0CA /* AppDelegate.swift */; };
		52C3511D20CC57C80073F0CA /* Assets.xcassets in Resources */ = {isa = PBXBuildFile; fileRef = 52C3511C20CC57C80073F0CA /* Assets.xcassets */; };
		52C3512020CC57C80073F0CA /* MainMenu.xib in Resources */ = {isa = PBXBuildFile; fileRef = 52C3511E20CC57C80073F0CA /* MainMenu.xib */; };
		52C3512720CC5CAE0073F0CA /* toggle.scpt in Resources */ = {isa = PBXBuildFile; fileRef = 52C3512620CC5CAE0073F0CA /* toggle.scpt */; };
		52C3512920CC5CD10073F0CA /* on.scpt in Resources */ = {isa = PBXBuildFile; fileRef = 52C3512820CC5CD10073F0CA /* on.scpt */; };
		52C3512B20CC5D010073F0CA /* off.scpt in Resources */ = {isa = PBXBuildFile; fileRef = 52C3512A20CC5D010073F0CA /* off.scpt */; };
		52DC7981215ECB48005EE97E /* Auxiliary.swift in Sources */ = {isa = PBXBuildFile; fileRef = 52DC7980215ECB48005EE97E /* Auxiliary.swift */; };
		706D395920E3766D0079535E /* TouchBarForSettingsVC.swift in Sources */ = {isa = PBXBuildFile; fileRef = 706D395820E3766D0079535E /* TouchBarForSettingsVC.swift */; };
		706D395D20E377E40079535E /* Localizations.swift in Sources */ = {isa = PBXBuildFile; fileRef = 706D395B20E377E40079535E /* Localizations.swift */; };
		84AC50052319AC6C940CD748 /* Pods_Dynamic.framework in Frameworks */ = {isa = PBXBuildFile; fileRef = 4FD3C614308BF3706BBC3D4F /* Pods_Dynamic.framework */; };
		CBBCAB8E78C6D298DDF7F5F1 /* Pods_DynamicLauncher.framework in Frameworks */ = {isa = PBXBuildFile; fileRef = CC8FCB4DC18A325265A67679 /* Pods_DynamicLauncher.framework */; };
/* End PBXBuildFile section */

/* Begin PBXCopyFilesBuildPhase section */
		5237AE5220CCC084009CF037 /* Copy Files */ = {
			isa = PBXCopyFilesBuildPhase;
			buildActionMask = 2147483647;
			dstPath = Contents/Library/LoginItems;
			dstSubfolderSpec = 1;
			files = (
				5237AE5320CCC09F009CF037 /* DynamicLauncher.app in Copy Files */,
			);
			name = "Copy Files";
			runOnlyForDeploymentPostprocessing = 0;
		};
/* End PBXCopyFilesBuildPhase section */

/* Begin PBXFileReference section */
		2D78CBA541F8797900AB2CCF /* Pods-Dynamic.debug.xcconfig */ = {isa = PBXFileReference; includeInIndex = 1; lastKnownFileType = text.xcconfig; name = "Pods-Dynamic.debug.xcconfig"; path = "Pods/Target Support Files/Pods-Dynamic/Pods-Dynamic.debug.xcconfig"; sourceTree = "<group>"; };
		2DB516C2D7FE967B75006F55 /* Pods-Dynamic.release.xcconfig */ = {isa = PBXFileReference; includeInIndex = 1; lastKnownFileType = text.xcconfig; name = "Pods-Dynamic.release.xcconfig"; path = "Pods/Target Support Files/Pods-Dynamic/Pods-Dynamic.release.xcconfig"; sourceTree = "<group>"; };
		4964734EDCE359C68AB9DF0D /* Pods-Dynamic.release masless.xcconfig */ = {isa = PBXFileReference; includeInIndex = 1; lastKnownFileType = text.xcconfig; name = "Pods-Dynamic.release masless.xcconfig"; path = "Pods/Target Support Files/Pods-Dynamic/Pods-Dynamic.release masless.xcconfig"; sourceTree = "<group>"; };
		4FD3C614308BF3706BBC3D4F /* Pods_Dynamic.framework */ = {isa = PBXFileReference; explicitFileType = wrapper.framework; includeInIndex = 0; path = Pods_Dynamic.framework; sourceTree = BUILT_PRODUCTS_DIR; };
		5214CD8E215B3BED008A7E83 /* Welcome.swift */ = {isa = PBXFileReference; lastKnownFileType = sourcecode.swift; path = Welcome.swift; sourceTree = "<group>"; };
		52168FB820C8B47100869A9C /* Dynamic.app */ = {isa = PBXFileReference; explicitFileType = wrapper.application; includeInIndex = 0; path = Dynamic.app; sourceTree = BUILT_PRODUCTS_DIR; };
		52168FBB20C8B47100869A9C /* AppDelegate.swift */ = {isa = PBXFileReference; lastKnownFileType = sourcecode.swift; path = AppDelegate.swift; sourceTree = "<group>"; };
		52168FBF20C8B47200869A9C /* Assets.xcassets */ = {isa = PBXFileReference; lastKnownFileType = folder.assetcatalog; path = Assets.xcassets; sourceTree = "<group>"; };
		52168FC420C8B47200869A9C /* Info.plist */ = {isa = PBXFileReference; lastKnownFileType = text.plist.xml; path = Info.plist; sourceTree = "<group>"; };
		52168FC520C8B47200869A9C /* Dynamic.entitlements */ = {isa = PBXFileReference; lastKnownFileType = text.plist.entitlements; path = Dynamic.entitlements; sourceTree = "<group>"; };
		52168FCE20C8B59300869A9C /* AppearanceSwitcher.swift */ = {isa = PBXFileReference; lastKnownFileType = sourcecode.swift; path = AppearanceSwitcher.swift; sourceTree = "<group>"; };
		52168FD020C99CB100869A9C /* AppleScriptHelper.swift */ = {isa = PBXFileReference; lastKnownFileType = sourcecode.swift; path = AppleScriptHelper.swift; sourceTree = "<group>"; };
		52168FD620C9A63B00869A9C /* Base */ = {isa = PBXFileReference; lastKnownFileType = file.storyboard; name = Base; path = Base.lproj/Main.storyboard; sourceTree = "<group>"; };
		52168FD820C9B0DD00869A9C /* NSScreen + Brightness.swift */ = {isa = PBXFileReference; lastKnownFileType = sourcecode.swift; path = "NSScreen + Brightness.swift"; sourceTree = "<group>"; };
		5225FDBD20D14B96006E9AF0 /* Scheduler.swift */ = {isa = PBXFileReference; lastKnownFileType = sourcecode.swift; path = Scheduler.swift; sourceTree = "<group>"; };
		5236A8EC21606035009DA3A3 /* zh-Hans */ = {isa = PBXFileReference; lastKnownFileType = text.plist.strings; name = "zh-Hans"; path = "zh-Hans.lproj/InfoPlist.strings"; sourceTree = "<group>"; };
		5236A8EF21606035009DA3A3 /* zh-Hans */ = {isa = PBXFileReference; lastKnownFileType = text.plist.strings; name = "zh-Hans"; path = "zh-Hans.lproj/InfoPlist.strings"; sourceTree = "<group>"; };
		5236A8F221606035009DA3A3 /* zh-Hans */ = {isa = PBXFileReference; lastKnownFileType = text.plist.strings; name = "zh-Hans"; path = "zh-Hans.lproj/Localizable.strings"; sourceTree = "<group>"; };
		523718332157467A00AEC921 /* README.md */ = {isa = PBXFileReference; lastKnownFileType = net.daringfireball.markdown; path = README.md; sourceTree = "<group>"; };
		523718342157468900AEC921 /* privacy.md */ = {isa = PBXFileReference; lastKnownFileType = net.daringfireball.markdown; path = privacy.md; sourceTree = "<group>"; };
		523718352157469800AEC921 /* LICENSE */ = {isa = PBXFileReference; lastKnownFileType = text; path = LICENSE; sourceTree = "<group>"; };
		5237AE5020CCC051009CF037 /* SettingsViewController.swift */ = {isa = PBXFileReference; lastKnownFileType = sourcecode.swift; path = SettingsViewController.swift; sourceTree = "<group>"; };
		524712E22157786A00F48CA0 /* Credits.rtf */ = {isa = PBXFileReference; lastKnownFileType = text.rtf; path = Credits.rtf; sourceTree = "<group>"; };
		525324F921603D7300904D76 /* zh-Hans */ = {isa = PBXFileReference; lastKnownFileType = text.plist.strings; name = "zh-Hans"; path = "zh-Hans.lproj/Main.strings"; sourceTree = "<group>"; };
		525324FA21603D7300904D76 /* zh-Hans */ = {isa = PBXFileReference; lastKnownFileType = text.plist.strings; name = "zh-Hans"; path = "zh-Hans.lproj/MainMenu.strings"; sourceTree = "<group>"; };
		5262878820CB38D6009BA4EF /* ScreenBrightnessObserver.swift */ = {isa = PBXFileReference; lastKnownFileType = sourcecode.swift; path = ScreenBrightnessObserver.swift; sourceTree = "<group>"; };
		5266354C215F177C008176E9 /* AllowLocationViewController.swift */ = {isa = PBXFileReference; lastKnownFileType = sourcecode.swift; path = AllowLocationViewController.swift; sourceTree = "<group>"; };
		5268864D215AFC73009A2FE3 /* AllowSystemEventsViewController.swift */ = {isa = PBXFileReference; lastKnownFileType = sourcecode.swift; path = AllowSystemEventsViewController.swift; sourceTree = "<group>"; };
		52688651215B046B009A2FE3 /* OpenSettingsViewController.swift */ = {isa = PBXFileReference; lastKnownFileType = sourcecode.swift; path = OpenSettingsViewController.swift; sourceTree = "<group>"; };
		52688653215B2FA8009A2FE3 /* SlideSegue.swift */ = {isa = PBXFileReference; lastKnownFileType = sourcecode.swift; path = SlideSegue.swift; sourceTree = "<group>"; };
		5291EF0521656269002C10DE /* de */ = {isa = PBXFileReference; lastKnownFileType = text.plist.strings; name = de; path = de.lproj/Main.strings; sourceTree = "<group>"; };
		5291EF062165626A002C10DE /* de */ = {isa = PBXFileReference; lastKnownFileType = text.plist.strings; name = de; path = de.lproj/MainMenu.strings; sourceTree = "<group>"; };
		5291EF072165626B002C10DE /* de */ = {isa = PBXFileReference; lastKnownFileType = text.plist.strings; name = de; path = de.lproj/Localizable.strings; sourceTree = "<group>"; };
		5291EF082165626B002C10DE /* de */ = {isa = PBXFileReference; lastKnownFileType = text.plist.strings; name = de; path = de.lproj/InfoPlist.strings; sourceTree = "<group>"; };
		5291EF092165626B002C10DE /* de */ = {isa = PBXFileReference; lastKnownFileType = text.plist.strings; name = de; path = de.lproj/InfoPlist.strings; sourceTree = "<group>"; };
		52972624216A03CD00C62F19 /* en */ = {isa = PBXFileReference; lastKnownFileType = text.plist.strings; name = en; path = en.lproj/Localizable.strings; sourceTree = "<group>"; };
		52972625216A05E800C62F19 /* en */ = {isa = PBXFileReference; lastKnownFileType = text.plist.strings; name = en; path = en.lproj/InfoPlist.strings; sourceTree = "<group>"; };
		52972626216A064000C62F19 /* en */ = {isa = PBXFileReference; lastKnownFileType = text.plist.strings; name = en; path = en.lproj/InfoPlist.strings; sourceTree = "<group>"; };
		52972627216A06ED00C62F19 /* id */ = {isa = PBXFileReference; lastKnownFileType = text.plist.strings; name = id; path = id.lproj/Main.strings; sourceTree = "<group>"; };
		52972628216A06EE00C62F19 /* id */ = {isa = PBXFileReference; lastKnownFileType = text.plist.strings; name = id; path = id.lproj/MainMenu.strings; sourceTree = "<group>"; };
		52972629216A06EE00C62F19 /* id */ = {isa = PBXFileReference; lastKnownFileType = text.plist.strings; name = id; path = id.lproj/Localizable.strings; sourceTree = "<group>"; };
		5297262A216A06EE00C62F19 /* id */ = {isa = PBXFileReference; lastKnownFileType = text.plist.strings; name = id; path = id.lproj/InfoPlist.strings; sourceTree = "<group>"; };
		5297262B216A06EE00C62F19 /* id */ = {isa = PBXFileReference; lastKnownFileType = text.plist.strings; name = id; path = id.lproj/InfoPlist.strings; sourceTree = "<group>"; };
		5297262C216BD4F000C62F19 /* eo */ = {isa = PBXFileReference; lastKnownFileType = text.plist.strings; name = eo; path = eo.lproj/Main.strings; sourceTree = "<group>"; };
		5297262D216BD4F200C62F19 /* eo */ = {isa = PBXFileReference; lastKnownFileType = text.plist.strings; name = eo; path = eo.lproj/MainMenu.strings; sourceTree = "<group>"; };
		5297262E216BD4F300C62F19 /* eo */ = {isa = PBXFileReference; lastKnownFileType = text.plist.strings; name = eo; path = eo.lproj/Localizable.strings; sourceTree = "<group>"; };
		5297262F216BD4F300C62F19 /* eo */ = {isa = PBXFileReference; lastKnownFileType = text.plist.strings; name = eo; path = eo.lproj/InfoPlist.strings; sourceTree = "<group>"; };
		52972630216BD4F500C62F19 /* eo */ = {isa = PBXFileReference; lastKnownFileType = text.plist.strings; name = eo; path = eo.lproj/InfoPlist.strings; sourceTree = "<group>"; };
		52972631216BD50300C62F19 /* ru */ = {isa = PBXFileReference; lastKnownFileType = text.plist.strings; name = ru; path = ru.lproj/Main.strings; sourceTree = "<group>"; };
		52972632216BD50300C62F19 /* ru */ = {isa = PBXFileReference; lastKnownFileType = text.plist.strings; name = ru; path = ru.lproj/MainMenu.strings; sourceTree = "<group>"; };
		52972633216BD50300C62F19 /* ru */ = {isa = PBXFileReference; lastKnownFileType = text.plist.strings; name = ru; path = ru.lproj/Localizable.strings; sourceTree = "<group>"; };
		52972634216BD50300C62F19 /* ru */ = {isa = PBXFileReference; lastKnownFileType = text.plist.strings; name = ru; path = ru.lproj/InfoPlist.strings; sourceTree = "<group>"; };
		52972635216BD50400C62F19 /* ru */ = {isa = PBXFileReference; lastKnownFileType = text.plist.strings; name = ru; path = ru.lproj/InfoPlist.strings; sourceTree = "<group>"; };
		52C3511220CC53CC0073F0CA /* Preferences.swift */ = {isa = PBXFileReference; lastKnownFileType = sourcecode.swift; path = Preferences.swift; sourceTree = "<group>"; };
		52C3511820CC57B60073F0CA /* DynamicLauncher.app */ = {isa = PBXFileReference; explicitFileType = wrapper.application; includeInIndex = 0; path = DynamicLauncher.app; sourceTree = BUILT_PRODUCTS_DIR; };
		52C3511A20CC57B60073F0CA /* AppDelegate.swift */ = {isa = PBXFileReference; lastKnownFileType = sourcecode.swift; path = AppDelegate.swift; sourceTree = "<group>"; };
		52C3511C20CC57C80073F0CA /* Assets.xcassets */ = {isa = PBXFileReference; lastKnownFileType = folder.assetcatalog; path = Assets.xcassets; sourceTree = "<group>"; };
		52C3511F20CC57C80073F0CA /* Base */ = {isa = PBXFileReference; lastKnownFileType = file.xib; name = Base; path = Base.lproj/MainMenu.xib; sourceTree = "<group>"; };
		52C3512120CC57C80073F0CA /* Info.plist */ = {isa = PBXFileReference; lastKnownFileType = text.plist.xml; path = Info.plist; sourceTree = "<group>"; };
		52C3512220CC57C80073F0CA /* DynamicLauncher.entitlements */ = {isa = PBXFileReference; lastKnownFileType = text.plist.entitlements; path = DynamicLauncher.entitlements; sourceTree = "<group>"; };
		52C3512620CC5CAE0073F0CA /* toggle.scpt */ = {isa = PBXFileReference; lastKnownFileType = text; path = toggle.scpt; sourceTree = "<group>"; };
		52C3512820CC5CD10073F0CA /* on.scpt */ = {isa = PBXFileReference; lastKnownFileType = text; path = on.scpt; sourceTree = "<group>"; };
		52C3512A20CC5D010073F0CA /* off.scpt */ = {isa = PBXFileReference; lastKnownFileType = text; path = off.scpt; sourceTree = "<group>"; };
		52C88EF82160678A003AF0B2 /* CHANGELOG.md */ = {isa = PBXFileReference; lastKnownFileType = net.daringfireball.markdown; path = CHANGELOG.md; sourceTree = "<group>"; };
		52C88EF9216067A7003AF0B2 /* CODE_OF_CONDUCT.md */ = {isa = PBXFileReference; lastKnownFileType = net.daringfireball.markdown; path = CODE_OF_CONDUCT.md; sourceTree = "<group>"; };
		52DC7980215ECB48005EE97E /* Auxiliary.swift */ = {isa = PBXFileReference; lastKnownFileType = sourcecode.swift; path = Auxiliary.swift; sourceTree = "<group>"; };
		52F44AF120CFEBA300E739F6 /* MAS.xcconfig */ = {isa = PBXFileReference; lastKnownFileType = text.xcconfig; path = MAS.xcconfig; sourceTree = "<group>"; };
		52F44AF220CFEBBC00E739F6 /* MASless.xcconfig */ = {isa = PBXFileReference; lastKnownFileType = text.xcconfig; path = MASless.xcconfig; sourceTree = "<group>"; };
		619F2E63A28F22DAD9390852 /* Pods-DynamicLauncher.release.xcconfig */ = {isa = PBXFileReference; includeInIndex = 1; lastKnownFileType = text.xcconfig; name = "Pods-DynamicLauncher.release.xcconfig"; path = "Pods/Target Support Files/Pods-DynamicLauncher/Pods-DynamicLauncher.release.xcconfig"; sourceTree = "<group>"; };
		706D395820E3766D0079535E /* TouchBarForSettingsVC.swift */ = {isa = PBXFileReference; lastKnownFileType = sourcecode.swift; path = TouchBarForSettingsVC.swift; sourceTree = "<group>"; };
		706D395B20E377E40079535E /* Localizations.swift */ = {isa = PBXFileReference; fileEncoding = 4; lastKnownFileType = sourcecode.swift; path = Localizations.swift; sourceTree = "<group>"; };
		706D395E20E3796A0079535E /* DFRFoundation.framework */ = {isa = PBXFileReference; lastKnownFileType = wrapper.framework; name = DFRFoundation.framework; path = ../../../System/Library/PrivateFrameworks/DFRFoundation.framework; sourceTree = "<group>"; };
		706D396320E37A5E0079535E /* Dynamic-Bridging-Header.h */ = {isa = PBXFileReference; lastKnownFileType = sourcecode.c.h; path = "Dynamic-Bridging-Header.h"; sourceTree = "<group>"; };
		706D396620E37A870079535E /* TouchBarPrivateAPI.h */ = {isa = PBXFileReference; lastKnownFileType = sourcecode.c.h; path = TouchBarPrivateAPI.h; sourceTree = "<group>"; };
		88EA90C5D6B00D262E96441C /* Pods-DynamicLauncher.debug masless.xcconfig */ = {isa = PBXFileReference; includeInIndex = 1; lastKnownFileType = text.xcconfig; name = "Pods-DynamicLauncher.debug masless.xcconfig"; path = "Pods/Target Support Files/Pods-DynamicLauncher/Pods-DynamicLauncher.debug masless.xcconfig"; sourceTree = "<group>"; };
		A85F5FCB123842467D0172A3 /* Pods-DynamicLauncher.debug.xcconfig */ = {isa = PBXFileReference; includeInIndex = 1; lastKnownFileType = text.xcconfig; name = "Pods-DynamicLauncher.debug.xcconfig"; path = "Pods/Target Support Files/Pods-DynamicLauncher/Pods-DynamicLauncher.debug.xcconfig"; sourceTree = "<group>"; };
		AA2A0654FC318D2781A5572B /* Pods-Dynamic.debug masless.xcconfig */ = {isa = PBXFileReference; includeInIndex = 1; lastKnownFileType = text.xcconfig; name = "Pods-Dynamic.debug masless.xcconfig"; path = "Pods/Target Support Files/Pods-Dynamic/Pods-Dynamic.debug masless.xcconfig"; sourceTree = "<group>"; };
		CC8FCB4DC18A325265A67679 /* Pods_DynamicLauncher.framework */ = {isa = PBXFileReference; explicitFileType = wrapper.framework; includeInIndex = 0; path = Pods_DynamicLauncher.framework; sourceTree = BUILT_PRODUCTS_DIR; };
		D3261CD208CCFBF73B34DA72 /* Pods-DynamicLauncher.release masless.xcconfig */ = {isa = PBXFileReference; includeInIndex = 1; lastKnownFileType = text.xcconfig; name = "Pods-DynamicLauncher.release masless.xcconfig"; path = "Pods/Target Support Files/Pods-DynamicLauncher/Pods-DynamicLauncher.release masless.xcconfig"; sourceTree = "<group>"; };
		ED6A51F921772F27004DEFEA /* fr */ = {isa = PBXFileReference; lastKnownFileType = text.plist.strings; name = fr; path = fr.lproj/Main.strings; sourceTree = "<group>"; };
		ED6A51FB21772F28004DEFEA /* fr */ = {isa = PBXFileReference; lastKnownFileType = text.plist.strings; name = fr; path = fr.lproj/Localizable.strings; sourceTree = "<group>"; };
		ED6A51FC21772F28004DEFEA /* fr */ = {isa = PBXFileReference; lastKnownFileType = text.plist.strings; name = fr; path = fr.lproj/InfoPlist.strings; sourceTree = "<group>"; };
		ED6A51FD21772F28004DEFEA /* fr */ = {isa = PBXFileReference; lastKnownFileType = text.plist.strings; name = fr; path = fr.lproj/InfoPlist.strings; sourceTree = "<group>"; };
		EDF6DB69217741AA00F38F66 /* fr */ = {isa = PBXFileReference; lastKnownFileType = text.plist.strings; name = fr; path = fr.lproj/MainMenu.strings; sourceTree = "<group>"; };
/* End PBXFileReference section */

/* Begin PBXFrameworksBuildPhase section */
		52168FB520C8B47100869A9C /* Frameworks */ = {
			isa = PBXFrameworksBuildPhase;
			buildActionMask = 2147483647;
			files = (
				84AC50052319AC6C940CD748 /* Pods_Dynamic.framework in Frameworks */,
			);
			runOnlyForDeploymentPostprocessing = 0;
		};
		52C3511520CC57B60073F0CA /* Frameworks */ = {
			isa = PBXFrameworksBuildPhase;
			buildActionMask = 2147483647;
			files = (
				CBBCAB8E78C6D298DDF7F5F1 /* Pods_DynamicLauncher.framework in Frameworks */,
			);
			runOnlyForDeploymentPostprocessing = 0;
		};
/* End PBXFrameworksBuildPhase section */

/* Begin PBXGroup section */
		07C77C80D7DCA097C2FA8414 /* Pods */ = {
			isa = PBXGroup;
			children = (
				2D78CBA541F8797900AB2CCF /* Pods-Dynamic.debug.xcconfig */,
				AA2A0654FC318D2781A5572B /* Pods-Dynamic.debug masless.xcconfig */,
				2DB516C2D7FE967B75006F55 /* Pods-Dynamic.release.xcconfig */,
				4964734EDCE359C68AB9DF0D /* Pods-Dynamic.release masless.xcconfig */,
				A85F5FCB123842467D0172A3 /* Pods-DynamicLauncher.debug.xcconfig */,
				88EA90C5D6B00D262E96441C /* Pods-DynamicLauncher.debug masless.xcconfig */,
				619F2E63A28F22DAD9390852 /* Pods-DynamicLauncher.release.xcconfig */,
				D3261CD208CCFBF73B34DA72 /* Pods-DynamicLauncher.release masless.xcconfig */,
			);
			name = Pods;
			sourceTree = "<group>";
		};
		52168FAF20C8B47100869A9C = {
			isa = PBXGroup;
			children = (
				523718332157467A00AEC921 /* README.md */,
				523718342157468900AEC921 /* privacy.md */,
				52C88EF82160678A003AF0B2 /* CHANGELOG.md */,
				52C88EF9216067A7003AF0B2 /* CODE_OF_CONDUCT.md */,
				523718352157469800AEC921 /* LICENSE */,
				52F44AF120CFEBA300E739F6 /* MAS.xcconfig */,
				52F44AF220CFEBBC00E739F6 /* MASless.xcconfig */,
				52168FBA20C8B47100869A9C /* Dynamic */,
				52C3511920CC57B60073F0CA /* DynamicLauncher */,
				52168FB920C8B47100869A9C /* Products */,
				52168FDA20C9F87000869A9C /* Frameworks */,
				07C77C80D7DCA097C2FA8414 /* Pods */,
			);
			sourceTree = "<group>";
		};
		52168FB920C8B47100869A9C /* Products */ = {
			isa = PBXGroup;
			children = (
				52168FB820C8B47100869A9C /* Dynamic.app */,
				52C3511820CC57B60073F0CA /* DynamicLauncher.app */,
			);
			name = Products;
			sourceTree = "<group>";
		};
		52168FBA20C8B47100869A9C /* Dynamic */ = {
			isa = PBXGroup;
			children = (
				52168FD220C9A5D700869A9C /* View Controller */,
				52168FCD20C8B57200869A9C /* Utilities */,
				52168FCB20C8B51A00869A9C /* Supporting Files */,
			);
			path = Dynamic;
			sourceTree = "<group>";
		};
		52168FCB20C8B51A00869A9C /* Supporting Files */ = {
			isa = PBXGroup;
			children = (
				706D396320E37A5E0079535E /* Dynamic-Bridging-Header.h */,
				706D396620E37A870079535E /* TouchBarPrivateAPI.h */,
				52168FBF20C8B47200869A9C /* Assets.xcassets */,
				52168FC420C8B47200869A9C /* Info.plist */,
				5236A8F121606035009DA3A3 /* Localizable.strings */,
				5236A8EB21606035009DA3A3 /* InfoPlist.strings */,
				52168FC520C8B47200869A9C /* Dynamic.entitlements */,
				524712E22157786A00F48CA0 /* Credits.rtf */,
			);
			path = "Supporting Files";
			sourceTree = "<group>";
		};
		52168FCD20C8B57200869A9C /* Utilities */ = {
			isa = PBXGroup;
			children = (
				52C3511220CC53CC0073F0CA /* Preferences.swift */,
				706D395B20E377E40079535E /* Localizations.swift */,
				5265C6C920D0B84900488D39 /* Appearance */,
				5265C6CA20D0B85B00488D39 /* Brightness */,
				5225FDBD20D14B96006E9AF0 /* Scheduler.swift */,
				52DC7980215ECB48005EE97E /* Auxiliary.swift */,
			);
			path = Utilities;
			sourceTree = "<group>";
		};
		52168FD220C9A5D700869A9C /* View Controller */ = {
			isa = PBXGroup;
			children = (
				52168FD720C9A63B00869A9C /* Main.storyboard */,
				52168FBB20C8B47100869A9C /* AppDelegate.swift */,
				52688649215AF604009A2FE3 /* Welcome */,
				5268864A215AF802009A2FE3 /* Settings */,
			);
			path = "View Controller";
			sourceTree = "<group>";
		};
		52168FDA20C9F87000869A9C /* Frameworks */ = {
			isa = PBXGroup;
			children = (
				706D395E20E3796A0079535E /* DFRFoundation.framework */,
				4FD3C614308BF3706BBC3D4F /* Pods_Dynamic.framework */,
				CC8FCB4DC18A325265A67679 /* Pods_DynamicLauncher.framework */,
			);
			name = Frameworks;
			sourceTree = "<group>";
		};
		5265C6C920D0B84900488D39 /* Appearance */ = {
			isa = PBXGroup;
			children = (
				52168FCE20C8B59300869A9C /* AppearanceSwitcher.swift */,
				52168FD020C99CB100869A9C /* AppleScriptHelper.swift */,
				52C3512620CC5CAE0073F0CA /* toggle.scpt */,
				52C3512820CC5CD10073F0CA /* on.scpt */,
				52C3512A20CC5D010073F0CA /* off.scpt */,
			);
			path = Appearance;
			sourceTree = "<group>";
		};
		5265C6CA20D0B85B00488D39 /* Brightness */ = {
			isa = PBXGroup;
			children = (
				52168FD820C9B0DD00869A9C /* NSScreen + Brightness.swift */,
				5262878820CB38D6009BA4EF /* ScreenBrightnessObserver.swift */,
			);
			path = Brightness;
			sourceTree = "<group>";
		};
		52688649215AF604009A2FE3 /* Welcome */ = {
			isa = PBXGroup;
			children = (
				5214CD8E215B3BED008A7E83 /* Welcome.swift */,
				52688653215B2FA8009A2FE3 /* SlideSegue.swift */,
				5268864D215AFC73009A2FE3 /* AllowSystemEventsViewController.swift */,
				5266354C215F177C008176E9 /* AllowLocationViewController.swift */,
				52688651215B046B009A2FE3 /* OpenSettingsViewController.swift */,
			);
			path = Welcome;
			sourceTree = "<group>";
		};
		5268864A215AF802009A2FE3 /* Settings */ = {
			isa = PBXGroup;
			children = (
				5237AE5020CCC051009CF037 /* SettingsViewController.swift */,
				706D395820E3766D0079535E /* TouchBarForSettingsVC.swift */,
			);
			path = Settings;
			sourceTree = "<group>";
		};
		52C3511920CC57B60073F0CA /* DynamicLauncher */ = {
			isa = PBXGroup;
			children = (
				52C3511A20CC57B60073F0CA /* AppDelegate.swift */,
				52C3511C20CC57C80073F0CA /* Assets.xcassets */,
				52C3511E20CC57C80073F0CA /* MainMenu.xib */,
				52C3512120CC57C80073F0CA /* Info.plist */,
				5236A8EE21606035009DA3A3 /* InfoPlist.strings */,
				52C3512220CC57C80073F0CA /* DynamicLauncher.entitlements */,
			);
			path = DynamicLauncher;
			sourceTree = "<group>";
		};
/* End PBXGroup section */

/* Begin PBXNativeTarget section */
		52168FB720C8B47100869A9C /* Dynamic */ = {
			isa = PBXNativeTarget;
			buildConfigurationList = 52168FC820C8B47200869A9C /* Build configuration list for PBXNativeTarget "Dynamic" */;
			buildPhases = (
				FFB956228DE5FCF80533C85B /* [CP] Check Pods Manifest.lock */,
				52168FB420C8B47100869A9C /* Sources */,
				52168FB520C8B47100869A9C /* Frameworks */,
				52168FB620C8B47100869A9C /* Resources */,
				5237AE5220CCC084009CF037 /* Copy Files */,
				CA607805D8FDF1201D5CEF8A /* [CP] Embed Pods Frameworks */,
			);
			buildRules = (
			);
			dependencies = (
			);
			name = Dynamic;
			productName = Dynamic;
			productReference = 52168FB820C8B47100869A9C /* Dynamic.app */;
			productType = "com.apple.product-type.application";
		};
		52C3511720CC57B60073F0CA /* DynamicLauncher */ = {
			isa = PBXNativeTarget;
			buildConfigurationList = 52C3512320CC57C80073F0CA /* Build configuration list for PBXNativeTarget "DynamicLauncher" */;
			buildPhases = (
				103DAB339A23771A2BA218D3 /* [CP] Check Pods Manifest.lock */,
				52C3511420CC57B60073F0CA /* Sources */,
				52C3511520CC57B60073F0CA /* Frameworks */,
				52C3511620CC57B60073F0CA /* Resources */,
			);
			buildRules = (
			);
			dependencies = (
			);
			name = DynamicLauncher;
			productName = DynamicLauncher;
			productReference = 52C3511820CC57B60073F0CA /* DynamicLauncher.app */;
			productType = "com.apple.product-type.application";
		};
/* End PBXNativeTarget section */

/* Begin PBXProject section */
		52168FB020C8B47100869A9C /* Project object */ = {
			isa = PBXProject;
			attributes = {
				LastSwiftUpdateCheck = 1000;
				LastUpgradeCheck = 1000;
				ORGANIZATIONNAME = "Dynamic Dark Mode";
				TargetAttributes = {
					52168FB720C8B47100869A9C = {
						CreatedOnToolsVersion = 10.0;
						LastSwiftMigration = 1000;
						SystemCapabilities = {
							com.apple.HardenedRuntime = {
								enabled = 1;
							};
							com.apple.Push = {
								enabled = 0;
							};
							com.apple.Sandbox = {
								enabled = 1;
							};
						};
					};
					52C3511720CC57B60073F0CA = {
						CreatedOnToolsVersion = 10.0;
						SystemCapabilities = {
							com.apple.HardenedRuntime = {
								enabled = 1;
							};
							com.apple.Sandbox = {
								enabled = 1;
							};
						};
					};
				};
			};
			buildConfigurationList = 52168FB320C8B47100869A9C /* Build configuration list for PBXProject "Dynamic" */;
			compatibilityVersion = "Xcode 9.3";
			developmentRegion = en;
			hasScannedForEncodings = 0;
			knownRegions = (
				en,
				Base,
				"zh-Hans",
				de,
				id,
				eo,
				ru,
				fr,
			);
			mainGroup = 52168FAF20C8B47100869A9C;
			productRefGroup = 52168FB920C8B47100869A9C /* Products */;
			projectDirPath = "";
			projectRoot = "";
			targets = (
				52168FB720C8B47100869A9C /* Dynamic */,
				52C3511720CC57B60073F0CA /* DynamicLauncher */,
			);
		};
/* End PBXProject section */

/* Begin PBXResourcesBuildPhase section */
		52168FB620C8B47100869A9C /* Resources */ = {
			isa = PBXResourcesBuildPhase;
			buildActionMask = 2147483647;
			files = (
				52C3512B20CC5D010073F0CA /* off.scpt in Resources */,
				5236A8ED21606035009DA3A3 /* InfoPlist.strings in Resources */,
				524712E32157786A00F48CA0 /* Credits.rtf in Resources */,
				52C3512920CC5CD10073F0CA /* on.scpt in Resources */,
				52168FC020C8B47200869A9C /* Assets.xcassets in Resources */,
				5236A8F321606035009DA3A3 /* Localizable.strings in Resources */,
				52168FD520C9A63B00869A9C /* Main.storyboard in Resources */,
				52C3512720CC5CAE0073F0CA /* toggle.scpt in Resources */,
			);
			runOnlyForDeploymentPostprocessing = 0;
		};
		52C3511620CC57B60073F0CA /* Resources */ = {
			isa = PBXResourcesBuildPhase;
			buildActionMask = 2147483647;
			files = (
				52C3511D20CC57C80073F0CA /* Assets.xcassets in Resources */,
				5236A8F021606035009DA3A3 /* InfoPlist.strings in Resources */,
				52C3512020CC57C80073F0CA /* MainMenu.xib in Resources */,
			);
			runOnlyForDeploymentPostprocessing = 0;
		};
/* End PBXResourcesBuildPhase section */

/* Begin PBXShellScriptBuildPhase section */
		103DAB339A23771A2BA218D3 /* [CP] Check Pods Manifest.lock */ = {
			isa = PBXShellScriptBuildPhase;
			buildActionMask = 2147483647;
			files = (
			);
			inputPaths = (
				"${PODS_PODFILE_DIR_PATH}/Podfile.lock",
				"${PODS_ROOT}/Manifest.lock",
			);
			name = "[CP] Check Pods Manifest.lock";
			outputPaths = (
				"$(DERIVED_FILE_DIR)/Pods-DynamicLauncher-checkManifestLockResult.txt",
			);
			runOnlyForDeploymentPostprocessing = 0;
			shellPath = /bin/sh;
			shellScript = "diff \"${PODS_PODFILE_DIR_PATH}/Podfile.lock\" \"${PODS_ROOT}/Manifest.lock\" > /dev/null\nif [ $? != 0 ] ; then\n    # print error to STDERR\n    echo \"error: The sandbox is not in sync with the Podfile.lock. Run 'pod install' or update your CocoaPods installation.\" >&2\n    exit 1\nfi\n# This output is used by Xcode 'outputs' to avoid re-running this script phase.\necho \"SUCCESS\" > \"${SCRIPT_OUTPUT_FILE_0}\"\n";
			showEnvVarsInLog = 0;
		};
		CA607805D8FDF1201D5CEF8A /* [CP] Embed Pods Frameworks */ = {
			isa = PBXShellScriptBuildPhase;
			buildActionMask = 2147483647;
			files = (
			);
			inputPaths = (
				"${PODS_ROOT}/Target Support Files/Pods-Dynamic/Pods-Dynamic-frameworks.sh",
				"${BUILT_PRODUCTS_DIR}/MASShortcut/MASShortcut.framework",
				"${BUILT_PRODUCTS_DIR}/Schedule/Schedule.framework",
				"${BUILT_PRODUCTS_DIR}/Solar/Solar.framework",
				"${BUILT_PRODUCTS_DIR}/LetsMove/LetsMove.framework",
				"${PODS_ROOT}/Sparkle/Sparkle.framework",
			);
			name = "[CP] Embed Pods Frameworks";
			outputPaths = (
				"${TARGET_BUILD_DIR}/${FRAMEWORKS_FOLDER_PATH}/MASShortcut.framework",
				"${TARGET_BUILD_DIR}/${FRAMEWORKS_FOLDER_PATH}/Schedule.framework",
				"${TARGET_BUILD_DIR}/${FRAMEWORKS_FOLDER_PATH}/Solar.framework",
				"${TARGET_BUILD_DIR}/${FRAMEWORKS_FOLDER_PATH}/LetsMove.framework",
				"${TARGET_BUILD_DIR}/${FRAMEWORKS_FOLDER_PATH}/Sparkle.framework",
			);
			runOnlyForDeploymentPostprocessing = 0;
			shellPath = /bin/sh;
			shellScript = "\"${PODS_ROOT}/Target Support Files/Pods-Dynamic/Pods-Dynamic-frameworks.sh\"\n";
			showEnvVarsInLog = 0;
		};
		FFB956228DE5FCF80533C85B /* [CP] Check Pods Manifest.lock */ = {
			isa = PBXShellScriptBuildPhase;
			buildActionMask = 2147483647;
			files = (
			);
			inputPaths = (
				"${PODS_PODFILE_DIR_PATH}/Podfile.lock",
				"${PODS_ROOT}/Manifest.lock",
			);
			name = "[CP] Check Pods Manifest.lock";
			outputPaths = (
				"$(DERIVED_FILE_DIR)/Pods-Dynamic-checkManifestLockResult.txt",
			);
			runOnlyForDeploymentPostprocessing = 0;
			shellPath = /bin/sh;
			shellScript = "diff \"${PODS_PODFILE_DIR_PATH}/Podfile.lock\" \"${PODS_ROOT}/Manifest.lock\" > /dev/null\nif [ $? != 0 ] ; then\n    # print error to STDERR\n    echo \"error: The sandbox is not in sync with the Podfile.lock. Run 'pod install' or update your CocoaPods installation.\" >&2\n    exit 1\nfi\n# This output is used by Xcode 'outputs' to avoid re-running this script phase.\necho \"SUCCESS\" > \"${SCRIPT_OUTPUT_FILE_0}\"\n";
			showEnvVarsInLog = 0;
		};
/* End PBXShellScriptBuildPhase section */

/* Begin PBXSourcesBuildPhase section */
		52168FB420C8B47100869A9C /* Sources */ = {
			isa = PBXSourcesBuildPhase;
			buildActionMask = 2147483647;
			files = (
				706D395D20E377E40079535E /* Localizations.swift in Sources */,
				5214CD8F215B3BED008A7E83 /* Welcome.swift in Sources */,
				52DC7981215ECB48005EE97E /* Auxiliary.swift in Sources */,
				52168FD920C9B0DD00869A9C /* NSScreen + Brightness.swift in Sources */,
				5225FDBE20D14B96006E9AF0 /* Scheduler.swift in Sources */,
				5262878920CB38D6009BA4EF /* ScreenBrightnessObserver.swift in Sources */,
				5237AE5120CCC051009CF037 /* SettingsViewController.swift in Sources */,
				52688654215B2FA8009A2FE3 /* SlideSegue.swift in Sources */,
				52C3511320CC53CD0073F0CA /* Preferences.swift in Sources */,
				5266354D215F177D008176E9 /* AllowLocationViewController.swift in Sources */,
				52688652215B046B009A2FE3 /* OpenSettingsViewController.swift in Sources */,
				706D395920E3766D0079535E /* TouchBarForSettingsVC.swift in Sources */,
				5268864F215AFC73009A2FE3 /* AllowSystemEventsViewController.swift in Sources */,
				52168FD120C99CB100869A9C /* AppleScriptHelper.swift in Sources */,
				52168FCF20C8B59300869A9C /* AppearanceSwitcher.swift in Sources */,
				52168FBC20C8B47100869A9C /* AppDelegate.swift in Sources */,
			);
			runOnlyForDeploymentPostprocessing = 0;
		};
		52C3511420CC57B60073F0CA /* Sources */ = {
			isa = PBXSourcesBuildPhase;
			buildActionMask = 2147483647;
			files = (
				52C3511B20CC57B60073F0CA /* AppDelegate.swift in Sources */,
			);
			runOnlyForDeploymentPostprocessing = 0;
		};
/* End PBXSourcesBuildPhase section */

/* Begin PBXVariantGroup section */
		52168FD720C9A63B00869A9C /* Main.storyboard */ = {
			isa = PBXVariantGroup;
			children = (
				52168FD620C9A63B00869A9C /* Base */,
				525324F921603D7300904D76 /* zh-Hans */,
				5291EF0521656269002C10DE /* de */,
				52972627216A06ED00C62F19 /* id */,
				5297262C216BD4F000C62F19 /* eo */,
				52972631216BD50300C62F19 /* ru */,
				ED6A51F921772F27004DEFEA /* fr */,
			);
			name = Main.storyboard;
			sourceTree = "<group>";
		};
		5236A8EB21606035009DA3A3 /* InfoPlist.strings */ = {
			isa = PBXVariantGroup;
			children = (
				5236A8EC21606035009DA3A3 /* zh-Hans */,
				5291EF082165626B002C10DE /* de */,
				52972625216A05E800C62F19 /* en */,
				5297262A216A06EE00C62F19 /* id */,
				5297262F216BD4F300C62F19 /* eo */,
				52972634216BD50300C62F19 /* ru */,
				ED6A51FC21772F28004DEFEA /* fr */,
			);
			name = InfoPlist.strings;
			sourceTree = "<group>";
		};
		5236A8EE21606035009DA3A3 /* InfoPlist.strings */ = {
			isa = PBXVariantGroup;
			children = (
				5236A8EF21606035009DA3A3 /* zh-Hans */,
				5291EF092165626B002C10DE /* de */,
				52972626216A064000C62F19 /* en */,
				5297262B216A06EE00C62F19 /* id */,
				52972630216BD4F500C62F19 /* eo */,
				52972635216BD50400C62F19 /* ru */,
				ED6A51FD21772F28004DEFEA /* fr */,
			);
			name = InfoPlist.strings;
			sourceTree = "<group>";
		};
		5236A8F121606035009DA3A3 /* Localizable.strings */ = {
			isa = PBXVariantGroup;
			children = (
				5236A8F221606035009DA3A3 /* zh-Hans */,
				5291EF072165626B002C10DE /* de */,
				52972624216A03CD00C62F19 /* en */,
				52972629216A06EE00C62F19 /* id */,
				5297262E216BD4F300C62F19 /* eo */,
				52972633216BD50300C62F19 /* ru */,
				ED6A51FB21772F28004DEFEA /* fr */,
			);
			name = Localizable.strings;
			sourceTree = "<group>";
		};
		52C3511E20CC57C80073F0CA /* MainMenu.xib */ = {
			isa = PBXVariantGroup;
			children = (
				52C3511F20CC57C80073F0CA /* Base */,
				525324FA21603D7300904D76 /* zh-Hans */,
				5291EF062165626A002C10DE /* de */,
				52972628216A06EE00C62F19 /* id */,
				5297262D216BD4F200C62F19 /* eo */,
				52972632216BD50300C62F19 /* ru */,
				EDF6DB69217741AA00F38F66 /* fr */,
			);
			name = MainMenu.xib;
			sourceTree = "<group>";
		};
/* End PBXVariantGroup section */

/* Begin XCBuildConfiguration section */
		52168FC620C8B47200869A9C /* Debug */ = {
			isa = XCBuildConfiguration;
			baseConfigurationReference = 52F44AF120CFEBA300E739F6 /* MAS.xcconfig */;
			buildSettings = {
				ALWAYS_SEARCH_USER_PATHS = NO;
				CLANG_ANALYZER_LOCALIZABILITY_NONLOCALIZED = YES;
				CLANG_ANALYZER_NONNULL = YES;
				CLANG_ANALYZER_NUMBER_OBJECT_CONVERSION = YES_AGGRESSIVE;
				CLANG_CXX_LANGUAGE_STANDARD = "gnu++14";
				CLANG_CXX_LIBRARY = "libc++";
				CLANG_ENABLE_MODULES = YES;
				CLANG_ENABLE_OBJC_ARC = YES;
				CLANG_ENABLE_OBJC_WEAK = YES;
				CLANG_WARN_BLOCK_CAPTURE_AUTORELEASING = YES;
				CLANG_WARN_BOOL_CONVERSION = YES;
				CLANG_WARN_COMMA = YES;
				CLANG_WARN_CONSTANT_CONVERSION = YES;
				CLANG_WARN_DEPRECATED_OBJC_IMPLEMENTATIONS = YES;
				CLANG_WARN_DIRECT_OBJC_ISA_USAGE = YES_ERROR;
				CLANG_WARN_DOCUMENTATION_COMMENTS = YES;
				CLANG_WARN_EMPTY_BODY = YES;
				CLANG_WARN_ENUM_CONVERSION = YES;
				CLANG_WARN_INFINITE_RECURSION = YES;
				CLANG_WARN_INT_CONVERSION = YES;
				CLANG_WARN_NON_LITERAL_NULL_CONVERSION = YES;
				CLANG_WARN_OBJC_IMPLICIT_RETAIN_SELF = YES;
				CLANG_WARN_OBJC_LITERAL_CONVERSION = YES;
				CLANG_WARN_OBJC_ROOT_CLASS = YES_ERROR;
				CLANG_WARN_RANGE_LOOP_ANALYSIS = YES;
				CLANG_WARN_STRICT_PROTOTYPES = YES;
				CLANG_WARN_SUSPICIOUS_MOVE = YES;
				CLANG_WARN_UNGUARDED_AVAILABILITY = YES_AGGRESSIVE;
				CLANG_WARN_UNREACHABLE_CODE = YES;
				CLANG_WARN__DUPLICATE_METHOD_MATCH = YES;
				CODE_SIGN_IDENTITY = "-";
				COPY_PHASE_STRIP = NO;
				DEBUG_INFORMATION_FORMAT = dwarf;
				ENABLE_STRICT_OBJC_MSGSEND = YES;
				ENABLE_TESTABILITY = YES;
				GCC_C_LANGUAGE_STANDARD = gnu11;
				GCC_DYNAMIC_NO_PIC = NO;
				GCC_NO_COMMON_BLOCKS = YES;
				GCC_OPTIMIZATION_LEVEL = 0;
				GCC_PREPROCESSOR_DEFINITIONS = (
					"DEBUG=1",
					"$(inherited)",
				);
				GCC_WARN_64_TO_32_BIT_CONVERSION = YES;
				GCC_WARN_ABOUT_RETURN_TYPE = YES_ERROR;
				GCC_WARN_UNDECLARED_SELECTOR = YES;
				GCC_WARN_UNINITIALIZED_AUTOS = YES_AGGRESSIVE;
				GCC_WARN_UNUSED_FUNCTION = YES;
				GCC_WARN_UNUSED_VARIABLE = YES;
				MACOSX_DEPLOYMENT_TARGET = 10.14;
				MTL_ENABLE_DEBUG_INFO = INCLUDE_SOURCE;
				ONLY_ACTIVE_ARCH = YES;
				SDKROOT = macosx;
				SWIFT_ACTIVE_COMPILATION_CONDITIONS = DEBUG;
				SWIFT_OPTIMIZATION_LEVEL = "-Onone";
			};
			name = Debug;
		};
		52168FC720C8B47200869A9C /* Release */ = {
			isa = XCBuildConfiguration;
			baseConfigurationReference = 52F44AF120CFEBA300E739F6 /* MAS.xcconfig */;
			buildSettings = {
				ALWAYS_SEARCH_USER_PATHS = NO;
				CLANG_ANALYZER_LOCALIZABILITY_NONLOCALIZED = YES;
				CLANG_ANALYZER_NONNULL = YES;
				CLANG_ANALYZER_NUMBER_OBJECT_CONVERSION = YES_AGGRESSIVE;
				CLANG_CXX_LANGUAGE_STANDARD = "gnu++14";
				CLANG_CXX_LIBRARY = "libc++";
				CLANG_ENABLE_MODULES = YES;
				CLANG_ENABLE_OBJC_ARC = YES;
				CLANG_ENABLE_OBJC_WEAK = YES;
				CLANG_WARN_BLOCK_CAPTURE_AUTORELEASING = YES;
				CLANG_WARN_BOOL_CONVERSION = YES;
				CLANG_WARN_COMMA = YES;
				CLANG_WARN_CONSTANT_CONVERSION = YES;
				CLANG_WARN_DEPRECATED_OBJC_IMPLEMENTATIONS = YES;
				CLANG_WARN_DIRECT_OBJC_ISA_USAGE = YES_ERROR;
				CLANG_WARN_DOCUMENTATION_COMMENTS = YES;
				CLANG_WARN_EMPTY_BODY = YES;
				CLANG_WARN_ENUM_CONVERSION = YES;
				CLANG_WARN_INFINITE_RECURSION = YES;
				CLANG_WARN_INT_CONVERSION = YES;
				CLANG_WARN_NON_LITERAL_NULL_CONVERSION = YES;
				CLANG_WARN_OBJC_IMPLICIT_RETAIN_SELF = YES;
				CLANG_WARN_OBJC_LITERAL_CONVERSION = YES;
				CLANG_WARN_OBJC_ROOT_CLASS = YES_ERROR;
				CLANG_WARN_RANGE_LOOP_ANALYSIS = YES;
				CLANG_WARN_STRICT_PROTOTYPES = YES;
				CLANG_WARN_SUSPICIOUS_MOVE = YES;
				CLANG_WARN_UNGUARDED_AVAILABILITY = YES_AGGRESSIVE;
				CLANG_WARN_UNREACHABLE_CODE = YES;
				CLANG_WARN__DUPLICATE_METHOD_MATCH = YES;
				CODE_SIGN_IDENTITY = "-";
				COPY_PHASE_STRIP = NO;
				DEBUG_INFORMATION_FORMAT = "dwarf-with-dsym";
				ENABLE_NS_ASSERTIONS = NO;
				ENABLE_STRICT_OBJC_MSGSEND = YES;
				GCC_C_LANGUAGE_STANDARD = gnu11;
				GCC_NO_COMMON_BLOCKS = YES;
				GCC_WARN_64_TO_32_BIT_CONVERSION = YES;
				GCC_WARN_ABOUT_RETURN_TYPE = YES_ERROR;
				GCC_WARN_UNDECLARED_SELECTOR = YES;
				GCC_WARN_UNINITIALIZED_AUTOS = YES_AGGRESSIVE;
				GCC_WARN_UNUSED_FUNCTION = YES;
				GCC_WARN_UNUSED_VARIABLE = YES;
				MACOSX_DEPLOYMENT_TARGET = 10.14;
				MTL_ENABLE_DEBUG_INFO = NO;
				SDKROOT = macosx;
				SWIFT_COMPILATION_MODE = wholemodule;
				SWIFT_OPTIMIZATION_LEVEL = "-O";
			};
			name = Release;
		};
		52168FC920C8B47200869A9C /* Debug */ = {
			isa = XCBuildConfiguration;
			baseConfigurationReference = 2D78CBA541F8797900AB2CCF /* Pods-Dynamic.debug.xcconfig */;
			buildSettings = {
				ASSETCATALOG_COMPILER_APPICON_NAME = AppIcon;
				CLANG_ENABLE_MODULES = YES;
				CODE_SIGN_ENTITLEMENTS = "$(MAIN_ENTITLEMENT)";
				CODE_SIGN_IDENTITY = "Mac Developer";
				CODE_SIGN_STYLE = Automatic;
				COMBINE_HIDPI_IMAGES = YES;
				DEVELOPMENT_TEAM = KZ7D8X3PRK;
				ENABLE_HARDENED_RUNTIME = YES;
				INFOPLIST_FILE = "$(SRCROOT)/Dynamic/Supporting Files/Info.plist";
				LD_RUNPATH_SEARCH_PATHS = (
					"$(inherited)",
					"@executable_path/../Frameworks",
				);
				PRODUCT_BUNDLE_IDENTIFIER = io.github.apollozhu.DynamicDarkMode;
				PRODUCT_NAME = "$(TARGET_NAME)";
				PROVISIONING_PROFILE_SPECIFIER = "";
				SWIFT_OBJC_BRIDGING_HEADER = "";
				SWIFT_VERSION = 4.2;
				SYSTEM_FRAMEWORK_SEARCH_PATHS = "$(inherited)";
				VERSIONING_SYSTEM = "apple-generic";
			};
			name = Debug;
		};
		52168FCA20C8B47200869A9C /* Release */ = {
			isa = XCBuildConfiguration;
			baseConfigurationReference = 2DB516C2D7FE967B75006F55 /* Pods-Dynamic.release.xcconfig */;
			buildSettings = {
				ASSETCATALOG_COMPILER_APPICON_NAME = AppIcon;
				CLANG_ENABLE_MODULES = YES;
				CODE_SIGN_ENTITLEMENTS = "$(MAIN_ENTITLEMENT)";
				CODE_SIGN_IDENTITY = "Mac Developer";
				CODE_SIGN_STYLE = Automatic;
				COMBINE_HIDPI_IMAGES = YES;
				DEVELOPMENT_TEAM = KZ7D8X3PRK;
				ENABLE_HARDENED_RUNTIME = YES;
				INFOPLIST_FILE = "$(SRCROOT)/Dynamic/Supporting Files/Info.plist";
				LD_RUNPATH_SEARCH_PATHS = (
					"$(inherited)",
					"@executable_path/../Frameworks",
				);
				PRODUCT_BUNDLE_IDENTIFIER = io.github.apollozhu.DynamicDarkMode;
				PRODUCT_NAME = "$(TARGET_NAME)";
				PROVISIONING_PROFILE_SPECIFIER = "";
				SWIFT_OBJC_BRIDGING_HEADER = "";
				SWIFT_VERSION = 4.2;
				SYSTEM_FRAMEWORK_SEARCH_PATHS = "$(inherited)";
				VERSIONING_SYSTEM = "apple-generic";
			};
			name = Release;
		};
		52C3512420CC57C80073F0CA /* Debug */ = {
			isa = XCBuildConfiguration;
			baseConfigurationReference = A85F5FCB123842467D0172A3 /* Pods-DynamicLauncher.debug.xcconfig */;
			buildSettings = {
				ASSETCATALOG_COMPILER_APPICON_NAME = AppIcon;
				CODE_SIGN_ENTITLEMENTS = DynamicLauncher/DynamicLauncher.entitlements;
				CODE_SIGN_IDENTITY = "Mac Developer";
				CODE_SIGN_STYLE = Automatic;
				COMBINE_HIDPI_IMAGES = YES;
				DEVELOPMENT_TEAM = KZ7D8X3PRK;
				ENABLE_HARDENED_RUNTIME = YES;
				INFOPLIST_FILE = DynamicLauncher/Info.plist;
				LD_RUNPATH_SEARCH_PATHS = (
					"$(inherited)",
					"@executable_path/../Frameworks",
				);
				PRODUCT_BUNDLE_IDENTIFIER = io.github.apollozhu.DynamicDarkMode.Launcher;
				PRODUCT_NAME = "$(TARGET_NAME)";
				SKIP_INSTALL = YES;
				SWIFT_VERSION = 4.2;
			};
			name = Debug;
		};
		52C3512520CC57C80073F0CA /* Release */ = {
			isa = XCBuildConfiguration;
			baseConfigurationReference = 619F2E63A28F22DAD9390852 /* Pods-DynamicLauncher.release.xcconfig */;
			buildSettings = {
				ASSETCATALOG_COMPILER_APPICON_NAME = AppIcon;
				CODE_SIGN_ENTITLEMENTS = DynamicLauncher/DynamicLauncher.entitlements;
				CODE_SIGN_IDENTITY = "Mac Developer";
				CODE_SIGN_STYLE = Automatic;
				COMBINE_HIDPI_IMAGES = YES;
				DEVELOPMENT_TEAM = KZ7D8X3PRK;
				ENABLE_HARDENED_RUNTIME = YES;
				INFOPLIST_FILE = DynamicLauncher/Info.plist;
				LD_RUNPATH_SEARCH_PATHS = (
					"$(inherited)",
					"@executable_path/../Frameworks",
				);
				PRODUCT_BUNDLE_IDENTIFIER = io.github.apollozhu.DynamicDarkMode.Launcher;
				PRODUCT_NAME = "$(TARGET_NAME)";
				SKIP_INSTALL = YES;
				SWIFT_VERSION = 4.2;
			};
			name = Release;
		};
		52F44AEB20CFEAE200E739F6 /* Release Masless */ = {
			isa = XCBuildConfiguration;
			baseConfigurationReference = 52F44AF220CFEBBC00E739F6 /* MASless.xcconfig */;
			buildSettings = {
				ALWAYS_SEARCH_USER_PATHS = NO;
				CLANG_ANALYZER_LOCALIZABILITY_NONLOCALIZED = YES;
				CLANG_ANALYZER_NONNULL = YES;
				CLANG_ANALYZER_NUMBER_OBJECT_CONVERSION = YES_AGGRESSIVE;
				CLANG_CXX_LANGUAGE_STANDARD = "gnu++14";
				CLANG_CXX_LIBRARY = "libc++";
				CLANG_ENABLE_MODULES = YES;
				CLANG_ENABLE_OBJC_ARC = YES;
				CLANG_ENABLE_OBJC_WEAK = YES;
				CLANG_WARN_BLOCK_CAPTURE_AUTORELEASING = YES;
				CLANG_WARN_BOOL_CONVERSION = YES;
				CLANG_WARN_COMMA = YES;
				CLANG_WARN_CONSTANT_CONVERSION = YES;
				CLANG_WARN_DEPRECATED_OBJC_IMPLEMENTATIONS = YES;
				CLANG_WARN_DIRECT_OBJC_ISA_USAGE = YES_ERROR;
				CLANG_WARN_DOCUMENTATION_COMMENTS = YES;
				CLANG_WARN_EMPTY_BODY = YES;
				CLANG_WARN_ENUM_CONVERSION = YES;
				CLANG_WARN_INFINITE_RECURSION = YES;
				CLANG_WARN_INT_CONVERSION = YES;
				CLANG_WARN_NON_LITERAL_NULL_CONVERSION = YES;
				CLANG_WARN_OBJC_IMPLICIT_RETAIN_SELF = YES;
				CLANG_WARN_OBJC_LITERAL_CONVERSION = YES;
				CLANG_WARN_OBJC_ROOT_CLASS = YES_ERROR;
				CLANG_WARN_RANGE_LOOP_ANALYSIS = YES;
				CLANG_WARN_STRICT_PROTOTYPES = YES;
				CLANG_WARN_SUSPICIOUS_MOVE = YES;
				CLANG_WARN_UNGUARDED_AVAILABILITY = YES_AGGRESSIVE;
				CLANG_WARN_UNREACHABLE_CODE = YES;
				CLANG_WARN__DUPLICATE_METHOD_MATCH = YES;
				CODE_SIGN_IDENTITY = "-";
				COPY_PHASE_STRIP = NO;
				DEBUG_INFORMATION_FORMAT = "dwarf-with-dsym";
				ENABLE_NS_ASSERTIONS = NO;
				ENABLE_STRICT_OBJC_MSGSEND = YES;
				GCC_C_LANGUAGE_STANDARD = gnu11;
				GCC_NO_COMMON_BLOCKS = YES;
				GCC_WARN_64_TO_32_BIT_CONVERSION = YES;
				GCC_WARN_ABOUT_RETURN_TYPE = YES_ERROR;
				GCC_WARN_UNDECLARED_SELECTOR = YES;
				GCC_WARN_UNINITIALIZED_AUTOS = YES_AGGRESSIVE;
				GCC_WARN_UNUSED_FUNCTION = YES;
				GCC_WARN_UNUSED_VARIABLE = YES;
				MACOSX_DEPLOYMENT_TARGET = 10.14;
				MTL_ENABLE_DEBUG_INFO = NO;
				SDKROOT = macosx;
				SWIFT_ACTIVE_COMPILATION_CONDITIONS = Masless;
				SWIFT_COMPILATION_MODE = wholemodule;
				SWIFT_OPTIMIZATION_LEVEL = "-O";
			};
			name = "Release Masless";
		};
		52F44AEC20CFEAE200E739F6 /* Release Masless */ = {
			isa = XCBuildConfiguration;
			baseConfigurationReference = 4964734EDCE359C68AB9DF0D /* Pods-Dynamic.release masless.xcconfig */;
			buildSettings = {
				ASSETCATALOG_COMPILER_APPICON_NAME = AppIcon;
				CLANG_ENABLE_MODULES = YES;
				CODE_SIGN_ENTITLEMENTS = "$(MAIN_ENTITLEMENT)";
				CODE_SIGN_IDENTITY = "Mac Developer";
				CODE_SIGN_STYLE = Automatic;
				COMBINE_HIDPI_IMAGES = YES;
				DEVELOPMENT_TEAM = KZ7D8X3PRK;
				ENABLE_HARDENED_RUNTIME = YES;
				INFOPLIST_FILE = "$(SRCROOT)/Dynamic/Supporting Files/Info.plist";
				LD_RUNPATH_SEARCH_PATHS = (
					"$(inherited)",
					"@executable_path/../Frameworks",
				);
				OTHER_LDFLAGS = (
					"$(inherited)",
					"-framework",
					"\"LetsMove\"",
					"-framework",
					"\"Solar\"",
					"-framework",
					"\"Sparkle\"",
					"-framework",
					"\"DFRFoundation\"",
				);
				PRODUCT_BUNDLE_IDENTIFIER = io.github.apollozhu.DynamicDarkMode;
				PRODUCT_NAME = "$(TARGET_NAME)";
				PROVISIONING_PROFILE_SPECIFIER = "";
				SWIFT_OBJC_BRIDGING_HEADER = "$(SRCROOT)/Dynamic/Supporting Files/Dynamic-Bridging-Header.h";
				SWIFT_VERSION = 4.2;
				SYSTEM_FRAMEWORK_SEARCH_PATHS = (
					"$(inherited)",
					"$(SYSTEM_LIBRARY_DIR)/PrivateFrameworks",
				);
				VERSIONING_SYSTEM = "apple-generic";
			};
			name = "Release Masless";
		};
		52F44AED20CFEAE200E739F6 /* Release Masless */ = {
			isa = XCBuildConfiguration;
			baseConfigurationReference = D3261CD208CCFBF73B34DA72 /* Pods-DynamicLauncher.release masless.xcconfig */;
			buildSettings = {
				ASSETCATALOG_COMPILER_APPICON_NAME = AppIcon;
				CODE_SIGN_ENTITLEMENTS = DynamicLauncher/DynamicLauncher.entitlements;
				CODE_SIGN_IDENTITY = "Mac Developer";
				CODE_SIGN_STYLE = Automatic;
				COMBINE_HIDPI_IMAGES = YES;
				DEVELOPMENT_TEAM = KZ7D8X3PRK;
				ENABLE_HARDENED_RUNTIME = YES;
				INFOPLIST_FILE = DynamicLauncher/Info.plist;
				LD_RUNPATH_SEARCH_PATHS = (
					"$(inherited)",
					"@executable_path/../Frameworks",
				);
				PRODUCT_BUNDLE_IDENTIFIER = io.github.apollozhu.DynamicDarkMode.Launcher;
				PRODUCT_NAME = "$(TARGET_NAME)";
				SKIP_INSTALL = YES;
				SWIFT_VERSION = 4.2;
			};
			name = "Release Masless";
		};
		52F44AEE20CFEB5B00E739F6 /* Debug Masless */ = {
			isa = XCBuildConfiguration;
			baseConfigurationReference = 52F44AF220CFEBBC00E739F6 /* MASless.xcconfig */;
			buildSettings = {
				ALWAYS_SEARCH_USER_PATHS = NO;
				CLANG_ANALYZER_LOCALIZABILITY_NONLOCALIZED = YES;
				CLANG_ANALYZER_NONNULL = YES;
				CLANG_ANALYZER_NUMBER_OBJECT_CONVERSION = YES_AGGRESSIVE;
				CLANG_CXX_LANGUAGE_STANDARD = "gnu++14";
				CLANG_CXX_LIBRARY = "libc++";
				CLANG_ENABLE_MODULES = YES;
				CLANG_ENABLE_OBJC_ARC = YES;
				CLANG_ENABLE_OBJC_WEAK = YES;
				CLANG_WARN_BLOCK_CAPTURE_AUTORELEASING = YES;
				CLANG_WARN_BOOL_CONVERSION = YES;
				CLANG_WARN_COMMA = YES;
				CLANG_WARN_CONSTANT_CONVERSION = YES;
				CLANG_WARN_DEPRECATED_OBJC_IMPLEMENTATIONS = YES;
				CLANG_WARN_DIRECT_OBJC_ISA_USAGE = YES_ERROR;
				CLANG_WARN_DOCUMENTATION_COMMENTS = YES;
				CLANG_WARN_EMPTY_BODY = YES;
				CLANG_WARN_ENUM_CONVERSION = YES;
				CLANG_WARN_INFINITE_RECURSION = YES;
				CLANG_WARN_INT_CONVERSION = YES;
				CLANG_WARN_NON_LITERAL_NULL_CONVERSION = YES;
				CLANG_WARN_OBJC_IMPLICIT_RETAIN_SELF = YES;
				CLANG_WARN_OBJC_LITERAL_CONVERSION = YES;
				CLANG_WARN_OBJC_ROOT_CLASS = YES_ERROR;
				CLANG_WARN_RANGE_LOOP_ANALYSIS = YES;
				CLANG_WARN_STRICT_PROTOTYPES = YES;
				CLANG_WARN_SUSPICIOUS_MOVE = YES;
				CLANG_WARN_UNGUARDED_AVAILABILITY = YES_AGGRESSIVE;
				CLANG_WARN_UNREACHABLE_CODE = YES;
				CLANG_WARN__DUPLICATE_METHOD_MATCH = YES;
				CODE_SIGN_IDENTITY = "-";
				COPY_PHASE_STRIP = NO;
				DEBUG_INFORMATION_FORMAT = dwarf;
				ENABLE_STRICT_OBJC_MSGSEND = YES;
				ENABLE_TESTABILITY = YES;
				GCC_C_LANGUAGE_STANDARD = gnu11;
				GCC_DYNAMIC_NO_PIC = NO;
				GCC_NO_COMMON_BLOCKS = YES;
				GCC_OPTIMIZATION_LEVEL = 0;
				GCC_PREPROCESSOR_DEFINITIONS = (
					"DEBUG=1",
					"$(inherited)",
				);
				GCC_WARN_64_TO_32_BIT_CONVERSION = YES;
				GCC_WARN_ABOUT_RETURN_TYPE = YES_ERROR;
				GCC_WARN_UNDECLARED_SELECTOR = YES;
				GCC_WARN_UNINITIALIZED_AUTOS = YES_AGGRESSIVE;
				GCC_WARN_UNUSED_FUNCTION = YES;
				GCC_WARN_UNUSED_VARIABLE = YES;
				MACOSX_DEPLOYMENT_TARGET = 10.14;
				MTL_ENABLE_DEBUG_INFO = INCLUDE_SOURCE;
				ONLY_ACTIVE_ARCH = YES;
				SDKROOT = macosx;
				SWIFT_ACTIVE_COMPILATION_CONDITIONS = "DEBUG Masless";
				SWIFT_OPTIMIZATION_LEVEL = "-Onone";
			};
			name = "Debug Masless";
		};
		52F44AEF20CFEB5B00E739F6 /* Debug Masless */ = {
			isa = XCBuildConfiguration;
			baseConfigurationReference = AA2A0654FC318D2781A5572B /* Pods-Dynamic.debug masless.xcconfig */;
			buildSettings = {
				ASSETCATALOG_COMPILER_APPICON_NAME = AppIcon;
				CLANG_ENABLE_MODULES = YES;
				CODE_SIGN_ENTITLEMENTS = "$(MAIN_ENTITLEMENT)";
				CODE_SIGN_IDENTITY = "Mac Developer";
				CODE_SIGN_STYLE = Automatic;
				COMBINE_HIDPI_IMAGES = YES;
				DEVELOPMENT_TEAM = KZ7D8X3PRK;
				ENABLE_HARDENED_RUNTIME = YES;
				INFOPLIST_FILE = "$(SRCROOT)/Dynamic/Supporting Files/Info.plist";
				LD_RUNPATH_SEARCH_PATHS = (
					"$(inherited)",
					"@executable_path/../Frameworks",
				);
				OTHER_LDFLAGS = (
					"$(inherited)",
					"-framework",
					"\"LetsMove\"",
					"-framework",
					"\"Solar\"",
					"-framework",
					"\"Sparkle\"",
					"-framework",
					"\"DFRFoundation\"",
				);
				PRODUCT_BUNDLE_IDENTIFIER = io.github.apollozhu.DynamicDarkMode;
				PRODUCT_NAME = "$(TARGET_NAME)";
				PROVISIONING_PROFILE_SPECIFIER = "";
				SWIFT_OBJC_BRIDGING_HEADER = "$(SRCROOT)/Dynamic/Supporting Files/Dynamic-Bridging-Header.h";
				SWIFT_VERSION = 4.2;
				SYSTEM_FRAMEWORK_SEARCH_PATHS = (
					"$(inherited)",
					"$(SYSTEM_LIBRARY_DIR)/PrivateFrameworks",
				);
				VERSIONING_SYSTEM = "apple-generic";
			};
			name = "Debug Masless";
		};
		52F44AF020CFEB5B00E739F6 /* Debug Masless */ = {
			isa = XCBuildConfiguration;
			baseConfigurationReference = 88EA90C5D6B00D262E96441C /* Pods-DynamicLauncher.debug masless.xcconfig */;
			buildSettings = {
				ASSETCATALOG_COMPILER_APPICON_NAME = AppIcon;
				CODE_SIGN_ENTITLEMENTS = DynamicLauncher/DynamicLauncher.entitlements;
				CODE_SIGN_IDENTITY = "Mac Developer";
				CODE_SIGN_STYLE = Automatic;
				COMBINE_HIDPI_IMAGES = YES;
				DEVELOPMENT_TEAM = KZ7D8X3PRK;
				ENABLE_HARDENED_RUNTIME = YES;
				INFOPLIST_FILE = DynamicLauncher/Info.plist;
				LD_RUNPATH_SEARCH_PATHS = (
					"$(inherited)",
					"@executable_path/../Frameworks",
				);
				PRODUCT_BUNDLE_IDENTIFIER = io.github.apollozhu.DynamicDarkMode.Launcher;
				PRODUCT_NAME = "$(TARGET_NAME)";
				SKIP_INSTALL = YES;
				SWIFT_VERSION = 4.2;
			};
			name = "Debug Masless";
		};
/* End XCBuildConfiguration section */

/* Begin XCConfigurationList section */
		52168FB320C8B47100869A9C /* Build configuration list for PBXProject "Dynamic" */ = {
			isa = XCConfigurationList;
			buildConfigurations = (
				52168FC620C8B47200869A9C /* Debug */,
				52F44AEE20CFEB5B00E739F6 /* Debug Masless */,
				52168FC720C8B47200869A9C /* Release */,
				52F44AEB20CFEAE200E739F6 /* Release Masless */,
			);
			defaultConfigurationIsVisible = 0;
			defaultConfigurationName = Release;
		};
		52168FC820C8B47200869A9C /* Build configuration list for PBXNativeTarget "Dynamic" */ = {
			isa = XCConfigurationList;
			buildConfigurations = (
				52168FC920C8B47200869A9C /* Debug */,
				52F44AEF20CFEB5B00E739F6 /* Debug Masless */,
				52168FCA20C8B47200869A9C /* Release */,
				52F44AEC20CFEAE200E739F6 /* Release Masless */,
			);
			defaultConfigurationIsVisible = 0;
			defaultConfigurationName = Release;
		};
		52C3512320CC57C80073F0CA /* Build configuration list for PBXNativeTarget "DynamicLauncher" */ = {
			isa = XCConfigurationList;
			buildConfigurations = (
				52C3512420CC57C80073F0CA /* Debug */,
				52F44AF020CFEB5B00E739F6 /* Debug Masless */,
				52C3512520CC57C80073F0CA /* Release */,
				52F44AED20CFEAE200E739F6 /* Release Masless */,
			);
			defaultConfigurationIsVisible = 0;
			defaultConfigurationName = Release;
		};
/* End XCConfigurationList section */
	};
	rootObject = 52168FB020C8B47100869A9C /* Project object */;
}
