// !$*UTF8*$!
{
	archiveVersion = 1;
	classes = {
	};
	objectVersion = 50;
	objects = {

/* Begin PBXBuildFile section */
		52168FBC20C8B47100869A9C /* AppDelegate.swift in Sources */ = {isa = PBXBuildFile; fileRef = 52168FBB20C8B47100869A9C /* AppDelegate.swift */; };
		52168FC020C8B47200869A9C /* Assets.xcassets in Resources */ = {isa = PBXBuildFile; fileRef = 52168FBF20C8B47200869A9C /* Assets.xcassets */; };
		52168FCF20C8B59300869A9C /* AppearanceSwitcher.swift in Sources */ = {isa = PBXBuildFile; fileRef = 52168FCE20C8B59300869A9C /* AppearanceSwitcher.swift */; };
		52168FD120C99CB100869A9C /* AppleScriptHelper.swift in Sources */ = {isa = PBXBuildFile; fileRef = 52168FD020C99CB100869A9C /* AppleScriptHelper.swift */; };
		52168FD520C9A63B00869A9C /* Main.storyboard in Resources */ = {isa = PBXBuildFile; fileRef = 52168FD720C9A63B00869A9C /* Main.storyboard */; };
		52168FD920C9B0DD00869A9C /* ScreenBrightnessHelper.swift in Sources */ = {isa = PBXBuildFile; fileRef = 52168FD820C9B0DD00869A9C /* ScreenBrightnessHelper.swift */; };
		52168FDC20C9F87900869A9C /* CoreBrightness.framework in Frameworks */ = {isa = PBXBuildFile; fileRef = 52168FDB20C9F87800869A9C /* CoreBrightness.framework */; };
		5216920620CAFCB400869A9C /* CoreDuetContext.framework in Frameworks */ = {isa = PBXBuildFile; fileRef = 5216905520CADE5C00869A9C /* CoreDuetContext.framework */; };
/* End PBXBuildFile section */

/* Begin PBXFileReference section */
		52168FB820C8B47100869A9C /* Dynamic.app */ = {isa = PBXFileReference; explicitFileType = wrapper.application; includeInIndex = 0; path = Dynamic.app; sourceTree = BUILT_PRODUCTS_DIR; };
		52168FBB20C8B47100869A9C /* AppDelegate.swift */ = {isa = PBXFileReference; lastKnownFileType = sourcecode.swift; path = AppDelegate.swift; sourceTree = "<group>"; };
		52168FBF20C8B47200869A9C /* Assets.xcassets */ = {isa = PBXFileReference; lastKnownFileType = folder.assetcatalog; path = Assets.xcassets; sourceTree = "<group>"; };
		52168FC420C8B47200869A9C /* Info.plist */ = {isa = PBXFileReference; lastKnownFileType = text.plist.xml; path = Info.plist; sourceTree = "<group>"; };
		52168FC520C8B47200869A9C /* Dynamic.entitlements */ = {isa = PBXFileReference; lastKnownFileType = text.plist.entitlements; path = Dynamic.entitlements; sourceTree = "<group>"; };
		52168FCE20C8B59300869A9C /* AppearanceSwitcher.swift */ = {isa = PBXFileReference; lastKnownFileType = sourcecode.swift; path = AppearanceSwitcher.swift; sourceTree = "<group>"; };
		52168FD020C99CB100869A9C /* AppleScriptHelper.swift */ = {isa = PBXFileReference; lastKnownFileType = sourcecode.swift; path = AppleScriptHelper.swift; sourceTree = "<group>"; };
		52168FD620C9A63B00869A9C /* Base */ = {isa = PBXFileReference; lastKnownFileType = file.storyboard; name = Base; path = Base.lproj/Main.storyboard; sourceTree = "<group>"; };
		52168FD820C9B0DD00869A9C /* ScreenBrightnessHelper.swift */ = {isa = PBXFileReference; lastKnownFileType = sourcecode.swift; path = ScreenBrightnessHelper.swift; sourceTree = "<group>"; };
		52168FDB20C9F87800869A9C /* CoreBrightness.framework */ = {isa = PBXFileReference; lastKnownFileType = wrapper.framework; name = CoreBrightness.framework; path = ../../../../../System/Library/PrivateFrameworks/CoreBrightness.framework; sourceTree = "<group>"; };
		52168FDF20C9FAE700869A9C /* CBContainerProtocol-Protocol.h */ = {isa = PBXFileReference; fileEncoding = 4; lastKnownFileType = sourcecode.c.h; path = "CBContainerProtocol-Protocol.h"; sourceTree = "<group>"; };
		52168FE020C9FAE700869A9C /* CBAdaptationClient.h */ = {isa = PBXFileReference; fileEncoding = 4; lastKnownFileType = sourcecode.c.h; path = CBAdaptationClient.h; sourceTree = "<group>"; };
		52168FE120C9FAE700869A9C /* BacklightdExportedObj.h */ = {isa = PBXFileReference; fileEncoding = 4; lastKnownFileType = sourcecode.c.h; path = BacklightdExportedObj.h; sourceTree = "<group>"; };
		52168FE220C9FAE700869A9C /* BacklightdXPCProtocol-Protocol.h */ = {isa = PBXFileReference; fileEncoding = 4; lastKnownFileType = sourcecode.c.h; path = "BacklightdXPCProtocol-Protocol.h"; sourceTree = "<group>"; };
		52168FE320C9FAE700869A9C /* BacklightSystemDelegateXpcProtocol-Protocol.h */ = {isa = PBXFileReference; fileEncoding = 4; lastKnownFileType = sourcecode.c.h; path = "BacklightSystemDelegateXpcProtocol-Protocol.h"; sourceTree = "<group>"; };
		52168FE420C9FAE700869A9C /* CBPreferencesHandler.h */ = {isa = PBXFileReference; fileEncoding = 4; lastKnownFileType = sourcecode.c.h; path = CBPreferencesHandler.h; sourceTree = "<group>"; };
		52168FE520C9FAE700869A9C /* DisplayALSManager.h */ = {isa = PBXFileReference; fileEncoding = 4; lastKnownFileType = sourcecode.c.h; path = DisplayALSManager.h; sourceTree = "<group>"; };
		52168FE620C9FAE700869A9C /* BrightnessSystemClient.h */ = {isa = PBXFileReference; fileEncoding = 4; lastKnownFileType = sourcecode.c.h; path = BrightnessSystemClient.h; sourceTree = "<group>"; };
		52168FE720C9FAE700869A9C /* NightShiftSupportProtocol-Protocol.h */ = {isa = PBXFileReference; fileEncoding = 4; lastKnownFileType = sourcecode.c.h; path = "NightShiftSupportProtocol-Protocol.h"; sourceTree = "<group>"; };
		52168FE820C9FAE700869A9C /* CBBlueLightClient.h */ = {isa = PBXFileReference; fileEncoding = 4; lastKnownFileType = sourcecode.c.h; path = CBBlueLightClient.h; sourceTree = "<group>"; };
		52168FE920C9FAE700869A9C /* CBContainer.h */ = {isa = PBXFileReference; fileEncoding = 4; lastKnownFileType = sourcecode.c.h; path = CBContainer.h; sourceTree = "<group>"; };
		52168FEA20C9FAE700869A9C /* BrightnessSystemClientInternal.h */ = {isa = PBXFileReference; fileEncoding = 4; lastKnownFileType = sourcecode.c.h; path = BrightnessSystemClientInternal.h; sourceTree = "<group>"; };
		52168FEB20C9FAE700869A9C /* CBABModuleMacBuiltIn.h */ = {isa = PBXFileReference; fileEncoding = 4; lastKnownFileType = sourcecode.c.h; path = CBABModuleMacBuiltIn.h; sourceTree = "<group>"; };
		52168FEC20C9FAE700869A9C /* CBModule.h */ = {isa = PBXFileReference; fileEncoding = 4; lastKnownFileType = sourcecode.c.h; path = CBModule.h; sourceTree = "<group>"; };
		52168FED20C9FAE700869A9C /* CBDisplayContainerMacOS.h */ = {isa = PBXFileReference; fileEncoding = 4; lastKnownFileType = sourcecode.c.h; path = CBDisplayContainerMacOS.h; sourceTree = "<group>"; };
		52168FEE20C9FAE700869A9C /* CBDisplayUpdateHandler.h */ = {isa = PBXFileReference; fileEncoding = 4; lastKnownFileType = sourcecode.c.h; path = CBDisplayUpdateHandler.h; sourceTree = "<group>"; };
		52168FEF20C9FAE700869A9C /* CBDisplayContainerDFR.h */ = {isa = PBXFileReference; fileEncoding = 4; lastKnownFileType = sourcecode.c.h; path = CBDisplayContainerDFR.h; sourceTree = "<group>"; };
		52168FF020C9FAE700869A9C /* CBStatusInfoProtocol-Protocol.h */ = {isa = PBXFileReference; fileEncoding = 4; lastKnownFileType = sourcecode.c.h; path = "CBStatusInfoProtocol-Protocol.h"; sourceTree = "<group>"; };
		52168FF120C9FAE700869A9C /* CBHIDServiceProtocol-Protocol.h */ = {isa = PBXFileReference; fileEncoding = 4; lastKnownFileType = sourcecode.c.h; path = "CBHIDServiceProtocol-Protocol.h"; sourceTree = "<group>"; };
		52168FF220C9FAE700869A9C /* BrightnessSystem.h */ = {isa = PBXFileReference; fileEncoding = 4; lastKnownFileType = sourcecode.c.h; path = BrightnessSystem.h; sourceTree = "<group>"; };
		52168FF320C9FAE700869A9C /* SunriseSunsetProvider.h */ = {isa = PBXFileReference; fileEncoding = 4; lastKnownFileType = sourcecode.c.h; path = SunriseSunsetProvider.h; sourceTree = "<group>"; };
		52168FF420C9FAE700869A9C /* CDStructures.h */ = {isa = PBXFileReference; fileEncoding = 4; lastKnownFileType = sourcecode.c.h; path = CDStructures.h; sourceTree = "<group>"; };
		52168FF520C9FAE700869A9C /* CBClient.h */ = {isa = PBXFileReference; fileEncoding = 4; lastKnownFileType = sourcecode.c.h; path = CBClient.h; sourceTree = "<group>"; };
		52168FF620C9FAE700869A9C /* CBColorModule.h */ = {isa = PBXFileReference; fileEncoding = 4; lastKnownFileType = sourcecode.c.h; path = CBColorModule.h; sourceTree = "<group>"; };
		52168FF720C9FAE700869A9C /* DisplayServicesClient.h */ = {isa = PBXFileReference; fileEncoding = 4; lastKnownFileType = sourcecode.c.h; path = DisplayServicesClient.h; sourceTree = "<group>"; };
		52168FF820C9FAE700869A9C /* CBContainerModuleProtocol-Protocol.h */ = {isa = PBXFileReference; fileEncoding = 4; lastKnownFileType = sourcecode.c.h; path = "CBContainerModuleProtocol-Protocol.h"; sourceTree = "<group>"; };
		52168FF920C9FAE700869A9C /* BrightnessSystemInternal.h */ = {isa = PBXFileReference; fileEncoding = 4; lastKnownFileType = sourcecode.c.h; path = BrightnessSystemInternal.h; sourceTree = "<group>"; };
		52168FFA20C9FAE700869A9C /* NSDictionary-CBPropertyKeyExtension.h */ = {isa = PBXFileReference; fileEncoding = 4; lastKnownFileType = sourcecode.c.h; path = "NSDictionary-CBPropertyKeyExtension.h"; sourceTree = "<group>"; };
		52168FFC20C9FAE700869A9C /* BLControl.h */ = {isa = PBXFileReference; fileEncoding = 4; lastKnownFileType = sourcecode.c.h; path = BLControl.h; sourceTree = "<group>"; };
		52168FFD20C9FAE700869A9C /* CBDisplayModuleMacOS.h */ = {isa = PBXFileReference; fileEncoding = 4; lastKnownFileType = sourcecode.c.h; path = CBDisplayModuleMacOS.h; sourceTree = "<group>"; };
		52168FFF20C9FAE700869A9C /* AmbientLightSensorStats.h */ = {isa = PBXFileReference; fileEncoding = 4; lastKnownFileType = sourcecode.c.h; path = AmbientLightSensorStats.h; sourceTree = "<group>"; };
		5216900020C9FAE700869A9C /* BrightnessSystemClientExportedObj.h */ = {isa = PBXFileReference; fileEncoding = 4; lastKnownFileType = sourcecode.c.h; path = BrightnessSystemClientExportedObj.h; sourceTree = "<group>"; };
		5216900120C9FAE700869A9C /* AmbientDisplayALSManager.h */ = {isa = PBXFileReference; fileEncoding = 4; lastKnownFileType = sourcecode.c.h; path = AmbientDisplayALSManager.h; sourceTree = "<group>"; };
		5216900220C9FAE700869A9C /* NightModeControl.h */ = {isa = PBXFileReference; fileEncoding = 4; lastKnownFileType = sourcecode.c.h; path = NightModeControl.h; sourceTree = "<group>"; };
		5216900320C9FAE700869A9C /* CBStatusInfoHelper.h */ = {isa = PBXFileReference; fileEncoding = 4; lastKnownFileType = sourcecode.c.h; path = CBStatusInfoHelper.h; sourceTree = "<group>"; };
		5216900420C9FC2C00869A9C /* Dynamic-Bridging-Header.h */ = {isa = PBXFileReference; lastKnownFileType = sourcecode.c.h; path = "Dynamic-Bridging-Header.h"; sourceTree = "<group>"; };
		5216900720CA002400869A9C /* Foundation.framework */ = {isa = PBXFileReference; lastKnownFileType = wrapper.framework; name = Foundation.framework; path = System/Library/Frameworks/Foundation.framework; sourceTree = SDKROOT; };
		5216905220CAD25600869A9C /* Kernel.framework */ = {isa = PBXFileReference; lastKnownFileType = wrapper.framework; name = Kernel.framework; path = System/Library/Frameworks/Kernel.framework; sourceTree = SDKROOT; };
		5216905420CAD6C400869A9C /* CoreBrightness.h */ = {isa = PBXFileReference; fileEncoding = 4; lastKnownFileType = sourcecode.c.h; path = CoreBrightness.h; sourceTree = "<group>"; };
		5216905520CADE5C00869A9C /* CoreDuetContext.framework */ = {isa = PBXFileReference; lastKnownFileType = wrapper.framework; name = CoreDuetContext.framework; path = ../../../../../System/Library/PrivateFrameworks/CoreDuetContext.framework; sourceTree = "<group>"; };
		521691FB20CAF9FD00869A9C /* IOKit.framework */ = {isa = PBXFileReference; lastKnownFileType = wrapper.framework; name = IOKit.framework; path = System/Library/Frameworks/IOKit.framework; sourceTree = SDKROOT; };
		521691FE20CAFB3100869A9C /* _CDClientContext.h */ = {isa = PBXFileReference; lastKnownFileType = sourcecode.c.h; path = _CDClientContext.h; sourceTree = "<group>"; };
		521691FF20CAFB4800869A9C /* _CDUserContext-Protocol.h */ = {isa = PBXFileReference; lastKnownFileType = sourcecode.c.h; path = "_CDUserContext-Protocol.h"; sourceTree = "<group>"; };
		5216920020CAFB5600869A9C /* _CDUserContextServerMonitoring-Protocol.h */ = {isa = PBXFileReference; lastKnownFileType = sourcecode.c.h; path = "_CDUserContextServerMonitoring-Protocol.h"; sourceTree = "<group>"; };
		5216920120CAFB6800869A9C /* _CDLocalContext-Protocol.h */ = {isa = PBXFileReference; lastKnownFileType = sourcecode.c.h; path = "_CDLocalContext-Protocol.h"; sourceTree = "<group>"; };
		5216920220CAFB7800869A9C /* _CDContext-Protocol.h */ = {isa = PBXFileReference; lastKnownFileType = sourcecode.c.h; path = "_CDContext-Protocol.h"; sourceTree = "<group>"; };
		5216920320CAFB9100869A9C /* _CDContextualChangeRegistration.h */ = {isa = PBXFileReference; lastKnownFileType = sourcecode.c.h; path = _CDContextualChangeRegistration.h; sourceTree = "<group>"; };
		5216920420CAFBC900869A9C /* _CDContextualPredicate.h */ = {isa = PBXFileReference; lastKnownFileType = sourcecode.c.h; path = _CDContextualPredicate.h; sourceTree = "<group>"; };
		5216920520CAFBDB00869A9C /* _CDContextualKeyPath.h */ = {isa = PBXFileReference; lastKnownFileType = sourcecode.c.h; path = _CDContextualKeyPath.h; sourceTree = "<group>"; };
/* End PBXFileReference section */

/* Begin PBXFrameworksBuildPhase section */
		52168FB520C8B47100869A9C /* Frameworks */ = {
			isa = PBXFrameworksBuildPhase;
			buildActionMask = 2147483647;
			files = (
				5216920620CAFCB400869A9C /* CoreDuetContext.framework in Frameworks */,
				52168FDC20C9F87900869A9C /* CoreBrightness.framework in Frameworks */,
			);
			runOnlyForDeploymentPostprocessing = 0;
		};
/* End PBXFrameworksBuildPhase section */

/* Begin PBXGroup section */
		52168FAF20C8B47100869A9C = {
			isa = PBXGroup;
			children = (
				52168FBA20C8B47100869A9C /* Dynamic */,
				52168FB920C8B47100869A9C /* Products */,
				52168FDA20C9F87000869A9C /* Frameworks */,
			);
			sourceTree = "<group>";
		};
		52168FB920C8B47100869A9C /* Products */ = {
			isa = PBXGroup;
			children = (
				52168FB820C8B47100869A9C /* Dynamic.app */,
			);
			name = Products;
			sourceTree = "<group>";
		};
		52168FBA20C8B47100869A9C /* Dynamic */ = {
			isa = PBXGroup;
			children = (
				52168FD220C9A5D700869A9C /* View Controller */,
				52168FCD20C8B57200869A9C /* Utilities */,
				52168FDD20C9FACD00869A9C /* Headers */,
				52168FCB20C8B51A00869A9C /* Supporting Files */,
			);
			path = Dynamic;
			sourceTree = "<group>";
		};
		52168FCB20C8B51A00869A9C /* Supporting Files */ = {
			isa = PBXGroup;
			children = (
				5216900420C9FC2C00869A9C /* Dynamic-Bridging-Header.h */,
				52168FBF20C8B47200869A9C /* Assets.xcassets */,
				52168FC420C8B47200869A9C /* Info.plist */,
				52168FC520C8B47200869A9C /* Dynamic.entitlements */,
			);
			path = "Supporting Files";
			sourceTree = "<group>";
		};
		52168FCD20C8B57200869A9C /* Utilities */ = {
			isa = PBXGroup;
			children = (
				52168FCE20C8B59300869A9C /* AppearanceSwitcher.swift */,
				52168FD020C99CB100869A9C /* AppleScriptHelper.swift */,
				52168FD820C9B0DD00869A9C /* ScreenBrightnessHelper.swift */,
			);
			path = Utilities;
			sourceTree = "<group>";
		};
		52168FD220C9A5D700869A9C /* View Controller */ = {
			isa = PBXGroup;
			children = (
				52168FBB20C8B47100869A9C /* AppDelegate.swift */,
				52168FD720C9A63B00869A9C /* Main.storyboard */,
			);
			path = "View Controller";
			sourceTree = "<group>";
		};
		52168FDA20C9F87000869A9C /* Frameworks */ = {
			isa = PBXGroup;
			children = (
				521691FB20CAF9FD00869A9C /* IOKit.framework */,
				5216905520CADE5C00869A9C /* CoreDuetContext.framework */,
				5216905220CAD25600869A9C /* Kernel.framework */,
				5216900720CA002400869A9C /* Foundation.framework */,
				52168FDB20C9F87800869A9C /* CoreBrightness.framework */,
			);
			name = Frameworks;
			sourceTree = "<group>";
		};
		52168FDD20C9FACD00869A9C /* Headers */ = {
			isa = PBXGroup;
			children = (
				521691FD20CAFB1C00869A9C /* CoreDuetContext */,
				52168FDE20C9FAE700869A9C /* CoreBrightness */,
			);
			path = Headers;
			sourceTree = "<group>";
		};
		52168FDE20C9FAE700869A9C /* CoreBrightness */ = {
			isa = PBXGroup;
			children = (
				5216905420CAD6C400869A9C /* CoreBrightness.h */,
				52168FDF20C9FAE700869A9C /* CBContainerProtocol-Protocol.h */,
				52168FE020C9FAE700869A9C /* CBAdaptationClient.h */,
				52168FE120C9FAE700869A9C /* BacklightdExportedObj.h */,
				52168FE220C9FAE700869A9C /* BacklightdXPCProtocol-Protocol.h */,
				52168FE320C9FAE700869A9C /* BacklightSystemDelegateXpcProtocol-Protocol.h */,
				52168FE420C9FAE700869A9C /* CBPreferencesHandler.h */,
				52168FE520C9FAE700869A9C /* DisplayALSManager.h */,
				52168FE620C9FAE700869A9C /* BrightnessSystemClient.h */,
				52168FE720C9FAE700869A9C /* NightShiftSupportProtocol-Protocol.h */,
				52168FE820C9FAE700869A9C /* CBBlueLightClient.h */,
				52168FE920C9FAE700869A9C /* CBContainer.h */,
				52168FEA20C9FAE700869A9C /* BrightnessSystemClientInternal.h */,
				52168FEB20C9FAE700869A9C /* CBABModuleMacBuiltIn.h */,
				52168FEC20C9FAE700869A9C /* CBModule.h */,
				52168FED20C9FAE700869A9C /* CBDisplayContainerMacOS.h */,
				52168FEE20C9FAE700869A9C /* CBDisplayUpdateHandler.h */,
				52168FEF20C9FAE700869A9C /* CBDisplayContainerDFR.h */,
				52168FF020C9FAE700869A9C /* CBStatusInfoProtocol-Protocol.h */,
				52168FF120C9FAE700869A9C /* CBHIDServiceProtocol-Protocol.h */,
				52168FF220C9FAE700869A9C /* BrightnessSystem.h */,
				52168FF320C9FAE700869A9C /* SunriseSunsetProvider.h */,
				52168FF420C9FAE700869A9C /* CDStructures.h */,
				52168FF520C9FAE700869A9C /* CBClient.h */,
				52168FF620C9FAE700869A9C /* CBColorModule.h */,
				52168FF720C9FAE700869A9C /* DisplayServicesClient.h */,
				52168FF820C9FAE700869A9C /* CBContainerModuleProtocol-Protocol.h */,
				52168FF920C9FAE700869A9C /* BrightnessSystemInternal.h */,
				52168FFA20C9FAE700869A9C /* NSDictionary-CBPropertyKeyExtension.h */,
				52168FFC20C9FAE700869A9C /* BLControl.h */,
				52168FFD20C9FAE700869A9C /* CBDisplayModuleMacOS.h */,
				52168FFF20C9FAE700869A9C /* AmbientLightSensorStats.h */,
				5216900020C9FAE700869A9C /* BrightnessSystemClientExportedObj.h */,
				5216900120C9FAE700869A9C /* AmbientDisplayALSManager.h */,
				5216900220C9FAE700869A9C /* NightModeControl.h */,
				5216900320C9FAE700869A9C /* CBStatusInfoHelper.h */,
			);
			path = CoreBrightness;
			sourceTree = "<group>";
		};
		521691FD20CAFB1C00869A9C /* CoreDuetContext */ = {
			isa = PBXGroup;
			children = (
				521691FE20CAFB3100869A9C /* _CDClientContext.h */,
				5216920220CAFB7800869A9C /* _CDContext-Protocol.h */,
				5216920320CAFB9100869A9C /* _CDContextualChangeRegistration.h */,
				5216920520CAFBDB00869A9C /* _CDContextualKeyPath.h */,
				5216920420CAFBC900869A9C /* _CDContextualPredicate.h */,
				5216920120CAFB6800869A9C /* _CDLocalContext-Protocol.h */,
				521691FF20CAFB4800869A9C /* _CDUserContext-Protocol.h */,
				5216920020CAFB5600869A9C /* _CDUserContextServerMonitoring-Protocol.h */,
			);
			path = CoreDuetContext;
			sourceTree = "<group>";
		};
/* End PBXGroup section */

/* Begin PBXNativeTarget section */
		52168FB720C8B47100869A9C /* Dynamic */ = {
			isa = PBXNativeTarget;
			buildConfigurationList = 52168FC820C8B47200869A9C /* Build configuration list for PBXNativeTarget "Dynamic" */;
			buildPhases = (
				52168FB420C8B47100869A9C /* Sources */,
				52168FB520C8B47100869A9C /* Frameworks */,
				52168FB620C8B47100869A9C /* Resources */,
			);
			buildRules = (
			);
			dependencies = (
			);
			name = Dynamic;
			productName = Dynamic;
			productReference = 52168FB820C8B47100869A9C /* Dynamic.app */;
			productType = "com.apple.product-type.application";
		};
/* End PBXNativeTarget section */

/* Begin PBXProject section */
		52168FB020C8B47100869A9C /* Project object */ = {
			isa = PBXProject;
			attributes = {
				LastSwiftUpdateCheck = 1000;
				LastUpgradeCheck = 1000;
				ORGANIZATIONNAME = Apollonian;
				TargetAttributes = {
					52168FB720C8B47100869A9C = {
						CreatedOnToolsVersion = 10.0;
						LastSwiftMigration = 1000;
					};
				};
			};
			buildConfigurationList = 52168FB320C8B47100869A9C /* Build configuration list for PBXProject "Dynamic" */;
			compatibilityVersion = "Xcode 9.3";
			developmentRegion = en;
			hasScannedForEncodings = 0;
			knownRegions = (
				en,
				Base,
			);
			mainGroup = 52168FAF20C8B47100869A9C;
			productRefGroup = 52168FB920C8B47100869A9C /* Products */;
			projectDirPath = "";
			projectRoot = "";
			targets = (
				52168FB720C8B47100869A9C /* Dynamic */,
			);
		};
/* End PBXProject section */

/* Begin PBXResourcesBuildPhase section */
		52168FB620C8B47100869A9C /* Resources */ = {
			isa = PBXResourcesBuildPhase;
			buildActionMask = 2147483647;
			files = (
				52168FC020C8B47200869A9C /* Assets.xcassets in Resources */,
				52168FD520C9A63B00869A9C /* Main.storyboard in Resources */,
			);
			runOnlyForDeploymentPostprocessing = 0;
		};
/* End PBXResourcesBuildPhase section */

/* Begin PBXSourcesBuildPhase section */
		52168FB420C8B47100869A9C /* Sources */ = {
			isa = PBXSourcesBuildPhase;
			buildActionMask = 2147483647;
			files = (
				52168FD920C9B0DD00869A9C /* ScreenBrightnessHelper.swift in Sources */,
				52168FD120C99CB100869A9C /* AppleScriptHelper.swift in Sources */,
				52168FCF20C8B59300869A9C /* AppearanceSwitcher.swift in Sources */,
				52168FBC20C8B47100869A9C /* AppDelegate.swift in Sources */,
			);
			runOnlyForDeploymentPostprocessing = 0;
		};
/* End PBXSourcesBuildPhase section */

/* Begin PBXVariantGroup section */
		52168FD720C9A63B00869A9C /* Main.storyboard */ = {
			isa = PBXVariantGroup;
			children = (
				52168FD620C9A63B00869A9C /* Base */,
			);
			name = Main.storyboard;
			sourceTree = "<group>";
		};
/* End PBXVariantGroup section */

/* Begin XCBuildConfiguration section */
		52168FC620C8B47200869A9C /* Debug */ = {
			isa = XCBuildConfiguration;
			buildSettings = {
				ALWAYS_SEARCH_USER_PATHS = NO;
				CLANG_ANALYZER_NONNULL = YES;
				CLANG_ANALYZER_NUMBER_OBJECT_CONVERSION = YES_AGGRESSIVE;
				CLANG_CXX_LANGUAGE_STANDARD = "gnu++14";
				CLANG_CXX_LIBRARY = "libc++";
				CLANG_ENABLE_MODULES = YES;
				CLANG_ENABLE_OBJC_ARC = YES;
				CLANG_ENABLE_OBJC_WEAK = YES;
				CLANG_WARN_BLOCK_CAPTURE_AUTORELEASING = YES;
				CLANG_WARN_BOOL_CONVERSION = YES;
				CLANG_WARN_COMMA = YES;
				CLANG_WARN_CONSTANT_CONVERSION = YES;
				CLANG_WARN_DEPRECATED_OBJC_IMPLEMENTATIONS = YES;
				CLANG_WARN_DIRECT_OBJC_ISA_USAGE = YES_ERROR;
				CLANG_WARN_DOCUMENTATION_COMMENTS = YES;
				CLANG_WARN_EMPTY_BODY = YES;
				CLANG_WARN_ENUM_CONVERSION = YES;
				CLANG_WARN_INFINITE_RECURSION = YES;
				CLANG_WARN_INT_CONVERSION = YES;
				CLANG_WARN_NON_LITERAL_NULL_CONVERSION = YES;
				CLANG_WARN_OBJC_IMPLICIT_RETAIN_SELF = YES;
				CLANG_WARN_OBJC_LITERAL_CONVERSION = YES;
				CLANG_WARN_OBJC_ROOT_CLASS = YES_ERROR;
				CLANG_WARN_RANGE_LOOP_ANALYSIS = YES;
				CLANG_WARN_STRICT_PROTOTYPES = YES;
				CLANG_WARN_SUSPICIOUS_MOVE = YES;
				CLANG_WARN_UNGUARDED_AVAILABILITY = YES_AGGRESSIVE;
				CLANG_WARN_UNREACHABLE_CODE = YES;
				CLANG_WARN__DUPLICATE_METHOD_MATCH = YES;
				CODE_SIGN_IDENTITY = "-";
				COPY_PHASE_STRIP = NO;
				DEBUG_INFORMATION_FORMAT = dwarf;
				ENABLE_STRICT_OBJC_MSGSEND = YES;
				ENABLE_TESTABILITY = YES;
				GCC_C_LANGUAGE_STANDARD = gnu11;
				GCC_DYNAMIC_NO_PIC = NO;
				GCC_NO_COMMON_BLOCKS = YES;
				GCC_OPTIMIZATION_LEVEL = 0;
				GCC_PREPROCESSOR_DEFINITIONS = (
					"DEBUG=1",
					"$(inherited)",
				);
				GCC_WARN_64_TO_32_BIT_CONVERSION = YES;
				GCC_WARN_ABOUT_RETURN_TYPE = YES_ERROR;
				GCC_WARN_UNDECLARED_SELECTOR = YES;
				GCC_WARN_UNINITIALIZED_AUTOS = YES_AGGRESSIVE;
				GCC_WARN_UNUSED_FUNCTION = YES;
				GCC_WARN_UNUSED_VARIABLE = YES;
				MACOSX_DEPLOYMENT_TARGET = 10.14;
				MTL_ENABLE_DEBUG_INFO = INCLUDE_SOURCE;
				ONLY_ACTIVE_ARCH = YES;
				SDKROOT = macosx;
				SWIFT_ACTIVE_COMPILATION_CONDITIONS = DEBUG;
				SWIFT_OPTIMIZATION_LEVEL = "-Onone";
			};
			name = Debug;
		};
		52168FC720C8B47200869A9C /* Release */ = {
			isa = XCBuildConfiguration;
			buildSettings = {
				ALWAYS_SEARCH_USER_PATHS = NO;
				CLANG_ANALYZER_NONNULL = YES;
				CLANG_ANALYZER_NUMBER_OBJECT_CONVERSION = YES_AGGRESSIVE;
				CLANG_CXX_LANGUAGE_STANDARD = "gnu++14";
				CLANG_CXX_LIBRARY = "libc++";
				CLANG_ENABLE_MODULES = YES;
				CLANG_ENABLE_OBJC_ARC = YES;
				CLANG_ENABLE_OBJC_WEAK = YES;
				CLANG_WARN_BLOCK_CAPTURE_AUTORELEASING = YES;
				CLANG_WARN_BOOL_CONVERSION = YES;
				CLANG_WARN_COMMA = YES;
				CLANG_WARN_CONSTANT_CONVERSION = YES;
				CLANG_WARN_DEPRECATED_OBJC_IMPLEMENTATIONS = YES;
				CLANG_WARN_DIRECT_OBJC_ISA_USAGE = YES_ERROR;
				CLANG_WARN_DOCUMENTATION_COMMENTS = YES;
				CLANG_WARN_EMPTY_BODY = YES;
				CLANG_WARN_ENUM_CONVERSION = YES;
				CLANG_WARN_INFINITE_RECURSION = YES;
				CLANG_WARN_INT_CONVERSION = YES;
				CLANG_WARN_NON_LITERAL_NULL_CONVERSION = YES;
				CLANG_WARN_OBJC_IMPLICIT_RETAIN_SELF = YES;
				CLANG_WARN_OBJC_LITERAL_CONVERSION = YES;
				CLANG_WARN_OBJC_ROOT_CLASS = YES_ERROR;
				CLANG_WARN_RANGE_LOOP_ANALYSIS = YES;
				CLANG_WARN_STRICT_PROTOTYPES = YES;
				CLANG_WARN_SUSPICIOUS_MOVE = YES;
				CLANG_WARN_UNGUARDED_AVAILABILITY = YES_AGGRESSIVE;
				CLANG_WARN_UNREACHABLE_CODE = YES;
				CLANG_WARN__DUPLICATE_METHOD_MATCH = YES;
				CODE_SIGN_IDENTITY = "-";
				COPY_PHASE_STRIP = NO;
				DEBUG_INFORMATION_FORMAT = "dwarf-with-dsym";
				ENABLE_NS_ASSERTIONS = NO;
				ENABLE_STRICT_OBJC_MSGSEND = YES;
				GCC_C_LANGUAGE_STANDARD = gnu11;
				GCC_NO_COMMON_BLOCKS = YES;
				GCC_WARN_64_TO_32_BIT_CONVERSION = YES;
				GCC_WARN_ABOUT_RETURN_TYPE = YES_ERROR;
				GCC_WARN_UNDECLARED_SELECTOR = YES;
				GCC_WARN_UNINITIALIZED_AUTOS = YES_AGGRESSIVE;
				GCC_WARN_UNUSED_FUNCTION = YES;
				GCC_WARN_UNUSED_VARIABLE = YES;
				MACOSX_DEPLOYMENT_TARGET = 10.14;
				MTL_ENABLE_DEBUG_INFO = NO;
				SDKROOT = macosx;
				SWIFT_COMPILATION_MODE = wholemodule;
				SWIFT_OPTIMIZATION_LEVEL = "-O";
			};
			name = Release;
		};
		52168FC920C8B47200869A9C /* Debug */ = {
			isa = XCBuildConfiguration;
			buildSettings = {
				ASSETCATALOG_COMPILER_APPICON_NAME = AppIcon;
				CLANG_ENABLE_MODULES = YES;
				COMBINE_HIDPI_IMAGES = YES;
				INFOPLIST_FILE = "$(SRCROOT)/Dynamic/Supporting Files/Info.plist";
				LD_RUNPATH_SEARCH_PATHS = (
					"$(inherited)",
					"@executable_path/../Frameworks",
				);
				PRODUCT_BUNDLE_IDENTIFIER = io.github.apollozhu.Dynamic;
				PRODUCT_NAME = "$(TARGET_NAME)";
				SWIFT_OBJC_BRIDGING_HEADER = "Dynamic/Supporting Files/Dynamic-Bridging-Header.h";
				SWIFT_OPTIMIZATION_LEVEL = "-Onone";
				SWIFT_VERSION = 4.2;
				SYSTEM_FRAMEWORK_SEARCH_PATHS = (
					"$(inherited)",
					"$(SYSTEM_LIBRARY_DIR)/PrivateFrameworks",
				);
			};
			name = Debug;
		};
		52168FCA20C8B47200869A9C /* Release */ = {
			isa = XCBuildConfiguration;
			buildSettings = {
				ASSETCATALOG_COMPILER_APPICON_NAME = AppIcon;
				CLANG_ENABLE_MODULES = YES;
				COMBINE_HIDPI_IMAGES = YES;
				INFOPLIST_FILE = "$(SRCROOT)/Dynamic/Supporting Files/Info.plist";
				LD_RUNPATH_SEARCH_PATHS = (
					"$(inherited)",
					"@executable_path/../Frameworks",
				);
				PRODUCT_BUNDLE_IDENTIFIER = io.github.apollozhu.Dynamic;
				PRODUCT_NAME = "$(TARGET_NAME)";
				SWIFT_OBJC_BRIDGING_HEADER = "Dynamic/Supporting Files/Dynamic-Bridging-Header.h";
				SWIFT_VERSION = 4.2;
				SYSTEM_FRAMEWORK_SEARCH_PATHS = (
					"$(inherited)",
					"$(SYSTEM_LIBRARY_DIR)/PrivateFrameworks",
				);
			};
			name = Release;
		};
/* End XCBuildConfiguration section */

/* Begin XCConfigurationList section */
		52168FB320C8B47100869A9C /* Build configuration list for PBXProject "Dynamic" */ = {
			isa = XCConfigurationList;
			buildConfigurations = (
				52168FC620C8B47200869A9C /* Debug */,
				52168FC720C8B47200869A9C /* Release */,
			);
			defaultConfigurationIsVisible = 0;
			defaultConfigurationName = Release;
		};
		52168FC820C8B47200869A9C /* Build configuration list for PBXNativeTarget "Dynamic" */ = {
			isa = XCConfigurationList;
			buildConfigurations = (
				52168FC920C8B47200869A9C /* Debug */,
				52168FCA20C8B47200869A9C /* Release */,
			);
			defaultConfigurationIsVisible = 0;
			defaultConfigurationName = Release;
		};
/* End XCConfigurationList section */
	};
	rootObject = 52168FB020C8B47100869A9C /* Project object */;
}
